// !$*UTF8*$!
{
	archiveVersion = 1;
	classes = {
	};
	objectVersion = 52;
	objects = {

/* Begin PBXBuildFile section */
		1A3421DF25934558002CD6C8 /* GoogleService-Info.plist in Resources */ = {isa = PBXBuildFile; fileRef = 1A3421DE25934558002CD6C8 /* GoogleService-Info.plist */; };
		1A342919259580AE002CD6C8 /* RealmUser.swift in Sources */ = {isa = PBXBuildFile; fileRef = 1A342918259580AE002CD6C8 /* RealmUser.swift */; };
		1A34297925958270002CD6C8 /* DatabaseManager.swift in Sources */ = {isa = PBXBuildFile; fileRef = 1A34297825958270002CD6C8 /* DatabaseManager.swift */; };
		1A423E96257F643C00768E16 /* AppDelegate.swift in Sources */ = {isa = PBXBuildFile; fileRef = 1A423E95257F643C00768E16 /* AppDelegate.swift */; };
		1A423E9A257F643C00768E16 /* ViewController.swift in Sources */ = {isa = PBXBuildFile; fileRef = 1A423E99257F643C00768E16 /* ViewController.swift */; };
		1A423E9D257F643C00768E16 /* Main.storyboard in Resources */ = {isa = PBXBuildFile; fileRef = 1A423E9B257F643C00768E16 /* Main.storyboard */; };
		1A423E9F257F643E00768E16 /* Assets.xcassets in Resources */ = {isa = PBXBuildFile; fileRef = 1A423E9E257F643E00768E16 /* Assets.xcassets */; };
		1A423EA2257F643E00768E16 /* LaunchScreen.storyboard in Resources */ = {isa = PBXBuildFile; fileRef = 1A423EA0257F643E00768E16 /* LaunchScreen.storyboard */; };
		1A423EAD257F6D6B00768E16 /* SplashViewController.swift in Sources */ = {isa = PBXBuildFile; fileRef = 1A423EAB257F6D6B00768E16 /* SplashViewController.swift */; };
		1A423EAE257F6D6B00768E16 /* SplashViewController.xib in Resources */ = {isa = PBXBuildFile; fileRef = 1A423EAC257F6D6B00768E16 /* SplashViewController.xib */; };
		1A423EB7257F6EAE00768E16 /* TerraService-Info.plist in Resources */ = {isa = PBXBuildFile; fileRef = 1A423EB6257F6EAE00768E16 /* TerraService-Info.plist */; };
		1A423EBB257F723900768E16 /* UIViewController+alert.swift in Sources */ = {isa = PBXBuildFile; fileRef = 1A423EBA257F723900768E16 /* UIViewController+alert.swift */; };
		1A423EBE257F760500768E16 /* iCheck.swift in Sources */ = {isa = PBXBuildFile; fileRef = 1A423EBD257F760500768E16 /* iCheck.swift */; };
		1A423EE72581DA7200768E16 /* SuperAppTrackingBridge.swift in Sources */ = {isa = PBXBuildFile; fileRef = 1A423EE62581DA7200768E16 /* SuperAppTrackingBridge.swift */; };
		1A78D5A925DE7D41002C709F /* UIView+.swift in Sources */ = {isa = PBXBuildFile; fileRef = 1A78D5A825DE7D41002C709F /* UIView+.swift */; };
		1A78D5B425DE7EE3002C709F /* Mini.h in Headers */ = {isa = PBXBuildFile; fileRef = 1A78D5B225DE7EE3002C709F /* Mini.h */; settings = {ATTRIBUTES = (Public, ); }; };
		1A78D5C225DE7F16002C709F /* MiniViewController.swift in Sources */ = {isa = PBXBuildFile; fileRef = 1A78D5C025DE7F16002C709F /* MiniViewController.swift */; };
		1A78D5C325DE7F16002C709F /* MiniViewController.xib in Resources */ = {isa = PBXBuildFile; fileRef = 1A78D5C125DE7F16002C709F /* MiniViewController.xib */; };
		1A78D5C625DE8032002C709F /* Mini.framework in Frameworks */ = {isa = PBXBuildFile; fileRef = 1A78D5B025DE7EE2002C709F /* Mini.framework */; };
		1A78D5C725DE8032002C709F /* Mini.framework in Embed Frameworks */ = {isa = PBXBuildFile; fileRef = 1A78D5B025DE7EE2002C709F /* Mini.framework */; settings = {ATTRIBUTES = (CodeSignOnCopy, RemoveHeadersOnCopy, ); }; };
		1A78D60325DE8270002C709F /* TerraTheme.h in Headers */ = {isa = PBXBuildFile; fileRef = 1A78D60125DE8270002C709F /* TerraTheme.h */; settings = {ATTRIBUTES = (Public, ); }; };
		1A78D60B25DE828A002C709F /* Theme.swift in Sources */ = {isa = PBXBuildFile; fileRef = 1A78D60A25DE828A002C709F /* Theme.swift */; };
		1A78D60F25DE82AD002C709F /* ThemeManager.swift in Sources */ = {isa = PBXBuildFile; fileRef = 1A78D60E25DE82AD002C709F /* ThemeManager.swift */; };
		1A78D61525DE83C7002C709F /* UIView+vc.swift in Sources */ = {isa = PBXBuildFile; fileRef = 1A78D61425DE83C7002C709F /* UIView+vc.swift */; };
		1A78D61925DEBFB6002C709F /* UIViewController+swizzle.swift in Sources */ = {isa = PBXBuildFile; fileRef = 1A78D61825DEBFB6002C709F /* UIViewController+swizzle.swift */; };
		1A78D67825DECA86002C709F /* TerraTheme.framework in Frameworks */ = {isa = PBXBuildFile; fileRef = 1A78D5FF25DE8270002C709F /* TerraTheme.framework */; };
		1A78D67925DECA86002C709F /* TerraTheme.framework in Embed Frameworks */ = {isa = PBXBuildFile; fileRef = 1A78D5FF25DE8270002C709F /* TerraTheme.framework */; settings = {ATTRIBUTES = (CodeSignOnCopy, RemoveHeadersOnCopy, ); }; };
		1A78D69025DF57A8002C709F /* Notification+.swift in Sources */ = {isa = PBXBuildFile; fileRef = 1A78D68F25DF57A8002C709F /* Notification+.swift */; };
		1A78D89625DF998B002C709F /* SampleSDK.h in Headers */ = {isa = PBXBuildFile; fileRef = 1A78D89425DF998B002C709F /* SampleSDK.h */; settings = {ATTRIBUTES = (Public, ); }; };
		1A78D8FB25DF99B0002C709F /* SampleListViewController.swift in Sources */ = {isa = PBXBuildFile; fileRef = 1A78D8F925DF99B0002C709F /* SampleListViewController.swift */; };
		1A78D8FC25DF99B0002C709F /* SampleListViewController.xib in Resources */ = {isa = PBXBuildFile; fileRef = 1A78D8FA25DF99B0002C709F /* SampleListViewController.xib */; };
		1A78D90225DF99D6002C709F /* SampleCell.swift in Sources */ = {isa = PBXBuildFile; fileRef = 1A78D90025DF99D6002C709F /* SampleCell.swift */; };
		1A78D90325DF99D6002C709F /* SampleCell.xib in Resources */ = {isa = PBXBuildFile; fileRef = 1A78D90125DF99D6002C709F /* SampleCell.xib */; };
		1A78D90725DFA123002C709F /* TerraTheme.framework in Frameworks */ = {isa = PBXBuildFile; fileRef = 1A78D5FF25DE8270002C709F /* TerraTheme.framework */; platformFilter = ios; };
		1A78D90825DFA123002C709F /* TerraTheme.framework in Embed Frameworks */ = {isa = PBXBuildFile; fileRef = 1A78D5FF25DE8270002C709F /* TerraTheme.framework */; platformFilter = ios; settings = {ATTRIBUTES = (CodeSignOnCopy, RemoveHeadersOnCopy, ); }; };
		1A78D95525DFAB07002C709F /* SampleSDK.framework in Frameworks */ = {isa = PBXBuildFile; fileRef = 1A78D89225DF998B002C709F /* SampleSDK.framework */; };
		1A78D95625DFAB07002C709F /* SampleSDK.framework in Embed Frameworks */ = {isa = PBXBuildFile; fileRef = 1A78D89225DF998B002C709F /* SampleSDK.framework */; settings = {ATTRIBUTES = (CodeSignOnCopy, RemoveHeadersOnCopy, ); }; };
		1A78D96025DFB007002C709F /* SampleSDKModule.swift in Sources */ = {isa = PBXBuildFile; fileRef = 1A78D95F25DFB007002C709F /* SampleSDKModule.swift */; };
		1AE900F125E3AEF2001E3C88 /* UITableView+swizzle.swift in Sources */ = {isa = PBXBuildFile; fileRef = 1AE900F025E3AEF2001E3C88 /* UITableView+swizzle.swift */; };
		5C254E664C3236A6DA26C297 /* Pods_DemoSuperApp.framework in Frameworks */ = {isa = PBXBuildFile; fileRef = 5F107A5245F0C3811143C350 /* Pods_DemoSuperApp.framework */; };
		BD58E9805E6526CECD936674 /* Pods_SampleSDK.framework in Frameworks */ = {isa = PBXBuildFile; fileRef = 8F3BD77738E195609B3DF88D /* Pods_SampleSDK.framework */; };
/* End PBXBuildFile section */

/* Begin PBXContainerItemProxy section */
		1A78D5C825DE8032002C709F /* PBXContainerItemProxy */ = {
			isa = PBXContainerItemProxy;
			containerPortal = 1A423E8A257F643C00768E16 /* Project object */;
			proxyType = 1;
			remoteGlobalIDString = 1A78D5AF25DE7EE2002C709F;
			remoteInfo = Mini;
		};
		1A78D67A25DECA86002C709F /* PBXContainerItemProxy */ = {
			isa = PBXContainerItemProxy;
			containerPortal = 1A423E8A257F643C00768E16 /* Project object */;
			proxyType = 1;
			remoteGlobalIDString = 1A78D5FE25DE8270002C709F;
			remoteInfo = TerraTheme;
		};
		1A78D90925DFA123002C709F /* PBXContainerItemProxy */ = {
			isa = PBXContainerItemProxy;
			containerPortal = 1A423E8A257F643C00768E16 /* Project object */;
			proxyType = 1;
			remoteGlobalIDString = 1A78D5FE25DE8270002C709F;
			remoteInfo = TerraTheme;
		};
		1A78D95725DFAB08002C709F /* PBXContainerItemProxy */ = {
			isa = PBXContainerItemProxy;
			containerPortal = 1A423E8A257F643C00768E16 /* Project object */;
			proxyType = 1;
			remoteGlobalIDString = 1A78D89125DF998B002C709F;
			remoteInfo = SampleSDK;
		};
/* End PBXContainerItemProxy section */

/* Begin PBXCopyFilesBuildPhase section */
		1A78D5CA25DE8032002C709F /* Embed Frameworks */ = {
			isa = PBXCopyFilesBuildPhase;
			buildActionMask = 2147483647;
			dstPath = "";
			dstSubfolderSpec = 10;
			files = (
				1A78D95625DFAB07002C709F /* SampleSDK.framework in Embed Frameworks */,
				1A78D5C725DE8032002C709F /* Mini.framework in Embed Frameworks */,
				1A78D67925DECA86002C709F /* TerraTheme.framework in Embed Frameworks */,
			);
			name = "Embed Frameworks";
			runOnlyForDeploymentPostprocessing = 0;
		};
		1A78D90B25DFA123002C709F /* Embed Frameworks */ = {
			isa = PBXCopyFilesBuildPhase;
			buildActionMask = 2147483647;
			dstPath = "";
			dstSubfolderSpec = 10;
			files = (
				1A78D90825DFA123002C709F /* TerraTheme.framework in Embed Frameworks */,
			);
			name = "Embed Frameworks";
			runOnlyForDeploymentPostprocessing = 0;
		};
/* End PBXCopyFilesBuildPhase section */

/* Begin PBXFileReference section */
		1A0DE7FF25C112DE004EDADB /* TekoTracker.framework */ = {isa = PBXFileReference; lastKnownFileType = wrapper.framework; path = TekoTracker.framework; sourceTree = "<group>"; };
		1A3421DE25934558002CD6C8 /* GoogleService-Info.plist */ = {isa = PBXFileReference; fileEncoding = 4; lastKnownFileType = text.plist.xml; path = "GoogleService-Info.plist"; sourceTree = "<group>"; };
		1A342918259580AE002CD6C8 /* RealmUser.swift */ = {isa = PBXFileReference; lastKnownFileType = sourcecode.swift; path = RealmUser.swift; sourceTree = "<group>"; };
		1A34297825958270002CD6C8 /* DatabaseManager.swift */ = {isa = PBXFileReference; lastKnownFileType = sourcecode.swift; path = DatabaseManager.swift; sourceTree = "<group>"; };
		1A34F2002588B7F4005357E3 /* TripiCommon.framework */ = {isa = PBXFileReference; lastKnownFileType = wrapper.framework; path = TripiCommon.framework; sourceTree = "<group>"; };
		1A34F2042588B81B005357E3 /* TripiFlightKit.framework */ = {isa = PBXFileReference; lastKnownFileType = wrapper.framework; path = TripiFlightKit.framework; sourceTree = "<group>"; };
		1A423E92257F643C00768E16 /* Demo Super App.app */ = {isa = PBXFileReference; explicitFileType = wrapper.application; includeInIndex = 0; path = "Demo Super App.app"; sourceTree = BUILT_PRODUCTS_DIR; };
		1A423E95257F643C00768E16 /* AppDelegate.swift */ = {isa = PBXFileReference; lastKnownFileType = sourcecode.swift; path = AppDelegate.swift; sourceTree = "<group>"; };
		1A423E99257F643C00768E16 /* ViewController.swift */ = {isa = PBXFileReference; lastKnownFileType = sourcecode.swift; path = ViewController.swift; sourceTree = "<group>"; };
		1A423E9C257F643C00768E16 /* Base */ = {isa = PBXFileReference; lastKnownFileType = file.storyboard; name = Base; path = Base.lproj/Main.storyboard; sourceTree = "<group>"; };
		1A423E9E257F643E00768E16 /* Assets.xcassets */ = {isa = PBXFileReference; lastKnownFileType = folder.assetcatalog; path = Assets.xcassets; sourceTree = "<group>"; };
		1A423EA1257F643E00768E16 /* Base */ = {isa = PBXFileReference; lastKnownFileType = file.storyboard; name = Base; path = Base.lproj/LaunchScreen.storyboard; sourceTree = "<group>"; };
		1A423EA3257F643E00768E16 /* Info.plist */ = {isa = PBXFileReference; lastKnownFileType = text.plist.xml; path = Info.plist; sourceTree = "<group>"; };
		1A423EAB257F6D6B00768E16 /* SplashViewController.swift */ = {isa = PBXFileReference; lastKnownFileType = sourcecode.swift; path = SplashViewController.swift; sourceTree = "<group>"; };
		1A423EAC257F6D6B00768E16 /* SplashViewController.xib */ = {isa = PBXFileReference; lastKnownFileType = file.xib; path = SplashViewController.xib; sourceTree = "<group>"; };
		1A423EB6257F6EAE00768E16 /* TerraService-Info.plist */ = {isa = PBXFileReference; fileEncoding = 4; lastKnownFileType = text.plist.xml; path = "TerraService-Info.plist"; sourceTree = "<group>"; };
		1A423EBA257F723900768E16 /* UIViewController+alert.swift */ = {isa = PBXFileReference; lastKnownFileType = sourcecode.swift; path = "UIViewController+alert.swift"; sourceTree = "<group>"; };
		1A423EBD257F760500768E16 /* iCheck.swift */ = {isa = PBXFileReference; lastKnownFileType = sourcecode.swift; path = iCheck.swift; sourceTree = "<group>"; };
		1A423EBF2580CD1E00768E16 /* Janus.framework */ = {isa = PBXFileReference; lastKnownFileType = wrapper.framework; path = Janus.framework; sourceTree = "<group>"; };
		1A423EC62580E6C300768E16 /* Hestia.framework */ = {isa = PBXFileReference; lastKnownFileType = wrapper.framework; path = Hestia.framework; sourceTree = "<group>"; };
		1A423EC92580E78800768E16 /* TripiFlightConnector.framework */ = {isa = PBXFileReference; lastKnownFileType = wrapper.framework; name = TripiFlightConnector.framework; path = ../../../../Downloads/TripiFlightConnector.framework; sourceTree = "<group>"; };
		1A423ECC2580E7CE00768E16 /* HestiaIOS.framework */ = {isa = PBXFileReference; lastKnownFileType = wrapper.framework; name = HestiaIOS.framework; path = ../../../../Downloads/HestiaIOS.framework; sourceTree = "<group>"; };
		1A423ED12580E9CE00768E16 /* TripiFlightConnector.framework */ = {isa = PBXFileReference; lastKnownFileType = wrapper.framework; path = TripiFlightConnector.framework; sourceTree = "<group>"; };
		1A423ED42580E9DF00768E16 /* HestiaIOS.framework */ = {isa = PBXFileReference; lastKnownFileType = wrapper.framework; path = HestiaIOS.framework; sourceTree = "<group>"; };
		1A423ED72580EB8C00768E16 /* VnshopSdk.framework */ = {isa = PBXFileReference; lastKnownFileType = wrapper.framework; path = VnshopSdk.framework; sourceTree = "<group>"; };
		1A423EDA2580F05B00768E16 /* TekCoreUploader.framework */ = {isa = PBXFileReference; lastKnownFileType = wrapper.framework; name = TekCoreUploader.framework; path = ../../../../Downloads/TekCoreUploader.framework; sourceTree = "<group>"; };
		1A423EDD2580F06A00768E16 /* TekCoreUploader.framework */ = {isa = PBXFileReference; lastKnownFileType = wrapper.framework; path = TekCoreUploader.framework; sourceTree = "<group>"; };
		1A423EE025810FD000768E16 /* TekCrmService.framework */ = {isa = PBXFileReference; lastKnownFileType = wrapper.framework; path = TekCrmService.framework; sourceTree = "<group>"; };
		1A423EE62581DA7200768E16 /* SuperAppTrackingBridge.swift */ = {isa = PBXFileReference; lastKnownFileType = sourcecode.swift; path = SuperAppTrackingBridge.swift; sourceTree = "<group>"; };
		1A5544932589B261007AB82F /* VnshopSdk.framework */ = {isa = PBXFileReference; lastKnownFileType = wrapper.framework; name = VnshopSdk.framework; path = "../../external-modules/Vnshop/dev/VnshopSdk.framework"; sourceTree = "<group>"; };
		1A78D5A825DE7D41002C709F /* UIView+.swift */ = {isa = PBXFileReference; lastKnownFileType = sourcecode.swift; path = "UIView+.swift"; sourceTree = "<group>"; };
		1A78D5B025DE7EE2002C709F /* Mini.framework */ = {isa = PBXFileReference; explicitFileType = wrapper.framework; includeInIndex = 0; path = Mini.framework; sourceTree = BUILT_PRODUCTS_DIR; };
		1A78D5B225DE7EE3002C709F /* Mini.h */ = {isa = PBXFileReference; lastKnownFileType = sourcecode.c.h; path = Mini.h; sourceTree = "<group>"; };
		1A78D5B325DE7EE3002C709F /* Info.plist */ = {isa = PBXFileReference; lastKnownFileType = text.plist.xml; path = Info.plist; sourceTree = "<group>"; };
		1A78D5C025DE7F16002C709F /* MiniViewController.swift */ = {isa = PBXFileReference; lastKnownFileType = sourcecode.swift; path = MiniViewController.swift; sourceTree = "<group>"; };
		1A78D5C125DE7F16002C709F /* MiniViewController.xib */ = {isa = PBXFileReference; lastKnownFileType = file.xib; path = MiniViewController.xib; sourceTree = "<group>"; };
		1A78D5FF25DE8270002C709F /* TerraTheme.framework */ = {isa = PBXFileReference; explicitFileType = wrapper.framework; includeInIndex = 0; path = TerraTheme.framework; sourceTree = BUILT_PRODUCTS_DIR; };
		1A78D60125DE8270002C709F /* TerraTheme.h */ = {isa = PBXFileReference; lastKnownFileType = sourcecode.c.h; path = TerraTheme.h; sourceTree = "<group>"; };
		1A78D60225DE8270002C709F /* Info.plist */ = {isa = PBXFileReference; lastKnownFileType = text.plist.xml; path = Info.plist; sourceTree = "<group>"; };
		1A78D60A25DE828A002C709F /* Theme.swift */ = {isa = PBXFileReference; lastKnownFileType = sourcecode.swift; path = Theme.swift; sourceTree = "<group>"; };
		1A78D60E25DE82AD002C709F /* ThemeManager.swift */ = {isa = PBXFileReference; lastKnownFileType = sourcecode.swift; path = ThemeManager.swift; sourceTree = "<group>"; };
		1A78D61425DE83C7002C709F /* UIView+vc.swift */ = {isa = PBXFileReference; lastKnownFileType = sourcecode.swift; path = "UIView+vc.swift"; sourceTree = "<group>"; };
		1A78D61825DEBFB6002C709F /* UIViewController+swizzle.swift */ = {isa = PBXFileReference; lastKnownFileType = sourcecode.swift; path = "UIViewController+swizzle.swift"; sourceTree = "<group>"; };
		1A78D68F25DF57A8002C709F /* Notification+.swift */ = {isa = PBXFileReference; lastKnownFileType = sourcecode.swift; path = "Notification+.swift"; sourceTree = "<group>"; };
		1A78D89225DF998B002C709F /* SampleSDK.framework */ = {isa = PBXFileReference; explicitFileType = wrapper.framework; includeInIndex = 0; path = SampleSDK.framework; sourceTree = BUILT_PRODUCTS_DIR; };
		1A78D89425DF998B002C709F /* SampleSDK.h */ = {isa = PBXFileReference; lastKnownFileType = sourcecode.c.h; path = SampleSDK.h; sourceTree = "<group>"; };
		1A78D89525DF998B002C709F /* Info.plist */ = {isa = PBXFileReference; lastKnownFileType = text.plist.xml; path = Info.plist; sourceTree = "<group>"; };
		1A78D8F925DF99B0002C709F /* SampleListViewController.swift */ = {isa = PBXFileReference; lastKnownFileType = sourcecode.swift; path = SampleListViewController.swift; sourceTree = "<group>"; };
		1A78D8FA25DF99B0002C709F /* SampleListViewController.xib */ = {isa = PBXFileReference; lastKnownFileType = file.xib; path = SampleListViewController.xib; sourceTree = "<group>"; };
		1A78D90025DF99D6002C709F /* SampleCell.swift */ = {isa = PBXFileReference; lastKnownFileType = sourcecode.swift; path = SampleCell.swift; sourceTree = "<group>"; };
		1A78D90125DF99D6002C709F /* SampleCell.xib */ = {isa = PBXFileReference; lastKnownFileType = file.xib; path = SampleCell.xib; sourceTree = "<group>"; };
		1A78D95F25DFB007002C709F /* SampleSDKModule.swift */ = {isa = PBXFileReference; lastKnownFileType = sourcecode.swift; path = SampleSDKModule.swift; sourceTree = "<group>"; };
		1AE900F025E3AEF2001E3C88 /* UITableView+swizzle.swift */ = {isa = PBXFileReference; lastKnownFileType = sourcecode.swift; path = "UITableView+swizzle.swift"; sourceTree = "<group>"; };
		1F7C29A7F327ACD6FF4F76ED /* Pods-SampleSDK.release.xcconfig */ = {isa = PBXFileReference; includeInIndex = 1; lastKnownFileType = text.xcconfig; name = "Pods-SampleSDK.release.xcconfig"; path = "Target Support Files/Pods-SampleSDK/Pods-SampleSDK.release.xcconfig"; sourceTree = "<group>"; };
		5F107A5245F0C3811143C350 /* Pods_DemoSuperApp.framework */ = {isa = PBXFileReference; explicitFileType = wrapper.framework; includeInIndex = 0; path = Pods_DemoSuperApp.framework; sourceTree = BUILT_PRODUCTS_DIR; };
		8F3BD77738E195609B3DF88D /* Pods_SampleSDK.framework */ = {isa = PBXFileReference; explicitFileType = wrapper.framework; includeInIndex = 0; path = Pods_SampleSDK.framework; sourceTree = BUILT_PRODUCTS_DIR; };
		BC68CF61C076C09AF2553D43 /* Pods-SampleSDK.debug.xcconfig */ = {isa = PBXFileReference; includeInIndex = 1; lastKnownFileType = text.xcconfig; name = "Pods-SampleSDK.debug.xcconfig"; path = "Target Support Files/Pods-SampleSDK/Pods-SampleSDK.debug.xcconfig"; sourceTree = "<group>"; };
		C6988CD47246146FDE4AA143 /* Pods-DemoSuperApp.release.xcconfig */ = {isa = PBXFileReference; includeInIndex = 1; lastKnownFileType = text.xcconfig; name = "Pods-DemoSuperApp.release.xcconfig"; path = "Target Support Files/Pods-DemoSuperApp/Pods-DemoSuperApp.release.xcconfig"; sourceTree = "<group>"; };
		D60ADE969C014BD24F2DB315 /* Pods-DemoSuperApp.debug.xcconfig */ = {isa = PBXFileReference; includeInIndex = 1; lastKnownFileType = text.xcconfig; name = "Pods-DemoSuperApp.debug.xcconfig"; path = "Target Support Files/Pods-DemoSuperApp/Pods-DemoSuperApp.debug.xcconfig"; sourceTree = "<group>"; };
/* End PBXFileReference section */

/* Begin PBXFrameworksBuildPhase section */
		1A423E8F257F643C00768E16 /* Frameworks */ = {
			isa = PBXFrameworksBuildPhase;
			buildActionMask = 2147483647;
			files = (
				5C254E664C3236A6DA26C297 /* Pods_DemoSuperApp.framework in Frameworks */,
				1A78D5C625DE8032002C709F /* Mini.framework in Frameworks */,
				1A78D67825DECA86002C709F /* TerraTheme.framework in Frameworks */,
				1A78D95525DFAB07002C709F /* SampleSDK.framework in Frameworks */,
			);
			runOnlyForDeploymentPostprocessing = 0;
		};
		1A78D5AD25DE7EE2002C709F /* Frameworks */ = {
			isa = PBXFrameworksBuildPhase;
			buildActionMask = 2147483647;
			files = (
			);
			runOnlyForDeploymentPostprocessing = 0;
		};
		1A78D5FC25DE8270002C709F /* Frameworks */ = {
			isa = PBXFrameworksBuildPhase;
			buildActionMask = 2147483647;
			files = (
			);
			runOnlyForDeploymentPostprocessing = 0;
		};
		1A78D88F25DF998B002C709F /* Frameworks */ = {
			isa = PBXFrameworksBuildPhase;
			buildActionMask = 2147483647;
			files = (
				1A78D90725DFA123002C709F /* TerraTheme.framework in Frameworks */,
				BD58E9805E6526CECD936674 /* Pods_SampleSDK.framework in Frameworks */,
			);
			runOnlyForDeploymentPostprocessing = 0;
		};
/* End PBXFrameworksBuildPhase section */

/* Begin PBXGroup section */
		1A3429172595809A002CD6C8 /* Database */ = {
			isa = PBXGroup;
			children = (
				1A342918259580AE002CD6C8 /* RealmUser.swift */,
				1A34297825958270002CD6C8 /* DatabaseManager.swift */,
			);
			path = Database;
			sourceTree = "<group>";
		};
		1A423E89257F643C00768E16 = {
			isa = PBXGroup;
			children = (
				1A423E94257F643C00768E16 /* DemoSuperApp */,
				1A78D5B125DE7EE2002C709F /* Mini */,
				1A78D60025DE8270002C709F /* TerraTheme */,
				1A78D89325DF998B002C709F /* SampleSDK */,
				1A423E93257F643C00768E16 /* Products */,
				4C2DED7659C111313C946482 /* Pods */,
				9D261EDD860EE04290163A76 /* Frameworks */,
			);
			sourceTree = "<group>";
		};
		1A423E93257F643C00768E16 /* Products */ = {
			isa = PBXGroup;
			children = (
				1A423E92257F643C00768E16 /* Demo Super App.app */,
				1A78D5B025DE7EE2002C709F /* Mini.framework */,
				1A78D5FF25DE8270002C709F /* TerraTheme.framework */,
				1A78D89225DF998B002C709F /* SampleSDK.framework */,
			);
			name = Products;
			sourceTree = "<group>";
		};
		1A423E94257F643C00768E16 /* DemoSuperApp */ = {
			isa = PBXGroup;
			children = (
				1A423EB8257F718A00768E16 /* Supporting Files */,
				1A423EB5257F6E9700768E16 /* Resources */,
				1A423EA9257F6D5600768E16 /* Modules */,
				1A423EB9257F722500768E16 /* Extensions */,
			);
			path = DemoSuperApp;
			sourceTree = "<group>";
		};
		1A423EA9257F6D5600768E16 /* Modules */ = {
			isa = PBXGroup;
			children = (
				1A3429172595809A002CD6C8 /* Database */,
				1A423EE52581DA6300768E16 /* Tracking */,
				1A423EBC257F75FA00768E16 /* Networking */,
				1A423EB0257F6D9B00768E16 /* App */,
				1A423EAF257F6D9000768E16 /* Home */,
				1A423EAA257F6D5C00768E16 /* Splash */,
			);
			path = Modules;
			sourceTree = "<group>";
		};
		1A423EAA257F6D5C00768E16 /* Splash */ = {
			isa = PBXGroup;
			children = (
				1A423EAB257F6D6B00768E16 /* SplashViewController.swift */,
				1A423EAC257F6D6B00768E16 /* SplashViewController.xib */,
			);
			path = Splash;
			sourceTree = "<group>";
		};
		1A423EAF257F6D9000768E16 /* Home */ = {
			isa = PBXGroup;
			children = (
				1A423E99257F643C00768E16 /* ViewController.swift */,
			);
			path = Home;
			sourceTree = "<group>";
		};
		1A423EB0257F6D9B00768E16 /* App */ = {
			isa = PBXGroup;
			children = (
				1A423E95257F643C00768E16 /* AppDelegate.swift */,
			);
			name = App;
			sourceTree = "<group>";
		};
		1A423EB5257F6E9700768E16 /* Resources */ = {
			isa = PBXGroup;
			children = (
				1A423EB6257F6EAE00768E16 /* TerraService-Info.plist */,
			);
			path = Resources;
			sourceTree = "<group>";
		};
		1A423EB8257F718A00768E16 /* Supporting Files */ = {
			isa = PBXGroup;
			children = (
				1A3421DE25934558002CD6C8 /* GoogleService-Info.plist */,
				1A423E9B257F643C00768E16 /* Main.storyboard */,
				1A423E9E257F643E00768E16 /* Assets.xcassets */,
				1A423EA0257F643E00768E16 /* LaunchScreen.storyboard */,
				1A423EA3257F643E00768E16 /* Info.plist */,
			);
			name = "Supporting Files";
			sourceTree = "<group>";
		};
		1A423EB9257F722500768E16 /* Extensions */ = {
			isa = PBXGroup;
			children = (
				1A423EBA257F723900768E16 /* UIViewController+alert.swift */,
				1A78D5A825DE7D41002C709F /* UIView+.swift */,
			);
			path = Extensions;
			sourceTree = "<group>";
		};
		1A423EBC257F75FA00768E16 /* Networking */ = {
			isa = PBXGroup;
			children = (
				1A423EBD257F760500768E16 /* iCheck.swift */,
			);
			path = Networking;
			sourceTree = "<group>";
		};
		1A423EE52581DA6300768E16 /* Tracking */ = {
			isa = PBXGroup;
			children = (
				1A423EE62581DA7200768E16 /* SuperAppTrackingBridge.swift */,
			);
			path = Tracking;
			sourceTree = "<group>";
		};
		1A78D5B125DE7EE2002C709F /* Mini */ = {
			isa = PBXGroup;
			children = (
				1A78D5B225DE7EE3002C709F /* Mini.h */,
				1A78D5B325DE7EE3002C709F /* Info.plist */,
				1A78D5C025DE7F16002C709F /* MiniViewController.swift */,
				1A78D5C125DE7F16002C709F /* MiniViewController.xib */,
			);
			path = Mini;
			sourceTree = "<group>";
		};
		1A78D60025DE8270002C709F /* TerraTheme */ = {
			isa = PBXGroup;
			children = (
				1A78D61225DE83B6002C709F /* Extensions */,
				1A78D60925DE8276002C709F /* Theme */,
				1A78D60125DE8270002C709F /* TerraTheme.h */,
				1A78D60225DE8270002C709F /* Info.plist */,
			);
			path = TerraTheme;
			sourceTree = "<group>";
		};
		1A78D60925DE8276002C709F /* Theme */ = {
			isa = PBXGroup;
			children = (
				1A78D60A25DE828A002C709F /* Theme.swift */,
				1A78D60E25DE82AD002C709F /* ThemeManager.swift */,
			);
			path = Theme;
			sourceTree = "<group>";
		};
		1A78D61225DE83B6002C709F /* Extensions */ = {
			isa = PBXGroup;
			children = (
				1A78D61825DEBFB6002C709F /* UIViewController+swizzle.swift */,
				1A78D61425DE83C7002C709F /* UIView+vc.swift */,
				1A78D68F25DF57A8002C709F /* Notification+.swift */,
				1AE900F025E3AEF2001E3C88 /* UITableView+swizzle.swift */,
			);
			path = Extensions;
			sourceTree = "<group>";
		};
		1A78D89325DF998B002C709F /* SampleSDK */ = {
			isa = PBXGroup;
			children = (
				1A78D89425DF998B002C709F /* SampleSDK.h */,
				1A78D89525DF998B002C709F /* Info.plist */,
				1A78D8F925DF99B0002C709F /* SampleListViewController.swift */,
				1A78D8FA25DF99B0002C709F /* SampleListViewController.xib */,
				1A78D90025DF99D6002C709F /* SampleCell.swift */,
				1A78D90125DF99D6002C709F /* SampleCell.xib */,
				1A78D95F25DFB007002C709F /* SampleSDKModule.swift */,
			);
			path = SampleSDK;
			sourceTree = "<group>";
		};
		4C2DED7659C111313C946482 /* Pods */ = {
			isa = PBXGroup;
			children = (
				D60ADE969C014BD24F2DB315 /* Pods-DemoSuperApp.debug.xcconfig */,
				C6988CD47246146FDE4AA143 /* Pods-DemoSuperApp.release.xcconfig */,
				BC68CF61C076C09AF2553D43 /* Pods-SampleSDK.debug.xcconfig */,
				1F7C29A7F327ACD6FF4F76ED /* Pods-SampleSDK.release.xcconfig */,
			);
			path = Pods;
			sourceTree = "<group>";
		};
		9D261EDD860EE04290163A76 /* Frameworks */ = {
			isa = PBXGroup;
			children = (
				1A0DE7FF25C112DE004EDADB /* TekoTracker.framework */,
				1A5544932589B261007AB82F /* VnshopSdk.framework */,
				1A34F2042588B81B005357E3 /* TripiFlightKit.framework */,
				1A34F2002588B7F4005357E3 /* TripiCommon.framework */,
				1A423EE025810FD000768E16 /* TekCrmService.framework */,
				1A423EDA2580F05B00768E16 /* TekCoreUploader.framework */,
				1A423EDD2580F06A00768E16 /* TekCoreUploader.framework */,
				1A423ED72580EB8C00768E16 /* VnshopSdk.framework */,
				1A423ED42580E9DF00768E16 /* HestiaIOS.framework */,
				1A423ED12580E9CE00768E16 /* TripiFlightConnector.framework */,
				1A423ECC2580E7CE00768E16 /* HestiaIOS.framework */,
				1A423EC92580E78800768E16 /* TripiFlightConnector.framework */,
				1A423EC62580E6C300768E16 /* Hestia.framework */,
				1A423EBF2580CD1E00768E16 /* Janus.framework */,
				5F107A5245F0C3811143C350 /* Pods_DemoSuperApp.framework */,
				8F3BD77738E195609B3DF88D /* Pods_SampleSDK.framework */,
			);
			name = Frameworks;
			sourceTree = "<group>";
		};
/* End PBXGroup section */

/* Begin PBXHeadersBuildPhase section */
		1A78D5AB25DE7EE2002C709F /* Headers */ = {
			isa = PBXHeadersBuildPhase;
			buildActionMask = 2147483647;
			files = (
				1A78D5B425DE7EE3002C709F /* Mini.h in Headers */,
			);
			runOnlyForDeploymentPostprocessing = 0;
		};
		1A78D5FA25DE8270002C709F /* Headers */ = {
			isa = PBXHeadersBuildPhase;
			buildActionMask = 2147483647;
			files = (
				1A78D60325DE8270002C709F /* TerraTheme.h in Headers */,
			);
			runOnlyForDeploymentPostprocessing = 0;
		};
		1A78D88D25DF998B002C709F /* Headers */ = {
			isa = PBXHeadersBuildPhase;
			buildActionMask = 2147483647;
			files = (
				1A78D89625DF998B002C709F /* SampleSDK.h in Headers */,
			);
			runOnlyForDeploymentPostprocessing = 0;
		};
/* End PBXHeadersBuildPhase section */

/* Begin PBXNativeTarget section */
		1A423E91257F643C00768E16 /* DemoSuperApp */ = {
			isa = PBXNativeTarget;
			buildConfigurationList = 1A423EA6257F643E00768E16 /* Build configuration list for PBXNativeTarget "DemoSuperApp" */;
			buildPhases = (
				372F19BCC9BBD12BEBABDD2B /* [CP] Check Pods Manifest.lock */,
				1A423E8E257F643C00768E16 /* Sources */,
				1A423E8F257F643C00768E16 /* Frameworks */,
				1A423E90257F643C00768E16 /* Resources */,
				B4A6508BFDBD180D2278A962 /* [CP] Embed Pods Frameworks */,
				A2C520BB1E9153A82291DC83 /* [CP] Copy Pods Resources */,
				1A78D5CA25DE8032002C709F /* Embed Frameworks */,
			);
			buildRules = (
			);
			dependencies = (
				1A78D5C925DE8032002C709F /* PBXTargetDependency */,
				1A78D67B25DECA86002C709F /* PBXTargetDependency */,
				1A78D95825DFAB08002C709F /* PBXTargetDependency */,
			);
			name = DemoSuperApp;
			productName = DemoSuperApp;
			productReference = 1A423E92257F643C00768E16 /* Demo Super App.app */;
			productType = "com.apple.product-type.application";
		};
		1A78D5AF25DE7EE2002C709F /* Mini */ = {
			isa = PBXNativeTarget;
			buildConfigurationList = 1A78D5B525DE7EE3002C709F /* Build configuration list for PBXNativeTarget "Mini" */;
			buildPhases = (
				1A78D5AB25DE7EE2002C709F /* Headers */,
				1A78D5AC25DE7EE2002C709F /* Sources */,
				1A78D5AD25DE7EE2002C709F /* Frameworks */,
				1A78D5AE25DE7EE2002C709F /* Resources */,
			);
			buildRules = (
			);
			dependencies = (
			);
			name = Mini;
			productName = Mini;
			productReference = 1A78D5B025DE7EE2002C709F /* Mini.framework */;
			productType = "com.apple.product-type.framework";
		};
		1A78D5FE25DE8270002C709F /* TerraTheme */ = {
			isa = PBXNativeTarget;
			buildConfigurationList = 1A78D60425DE8270002C709F /* Build configuration list for PBXNativeTarget "TerraTheme" */;
			buildPhases = (
				1A78D5FA25DE8270002C709F /* Headers */,
				1A78D5FB25DE8270002C709F /* Sources */,
				1A78D5FC25DE8270002C709F /* Frameworks */,
				1A78D5FD25DE8270002C709F /* Resources */,
			);
			buildRules = (
			);
			dependencies = (
			);
			name = TerraTheme;
			productName = TerraTheme;
			productReference = 1A78D5FF25DE8270002C709F /* TerraTheme.framework */;
			productType = "com.apple.product-type.framework";
		};
		1A78D89125DF998B002C709F /* SampleSDK */ = {
			isa = PBXNativeTarget;
			buildConfigurationList = 1A78D89725DF998B002C709F /* Build configuration list for PBXNativeTarget "SampleSDK" */;
			buildPhases = (
				21BB5BB7809150591D809EBA /* [CP] Check Pods Manifest.lock */,
				1A78D88D25DF998B002C709F /* Headers */,
				1A78D88E25DF998B002C709F /* Sources */,
				1A78D88F25DF998B002C709F /* Frameworks */,
				1A78D89025DF998B002C709F /* Resources */,
				1A78D90B25DFA123002C709F /* Embed Frameworks */,
			);
			buildRules = (
			);
			dependencies = (
				1A78D90A25DFA123002C709F /* PBXTargetDependency */,
			);
			name = SampleSDK;
			productName = SampleSDK;
			productReference = 1A78D89225DF998B002C709F /* SampleSDK.framework */;
			productType = "com.apple.product-type.framework";
		};
/* End PBXNativeTarget section */

/* Begin PBXProject section */
		1A423E8A257F643C00768E16 /* Project object */ = {
			isa = PBXProject;
			attributes = {
				LastSwiftUpdateCheck = 1160;
				LastUpgradeCheck = 1160;
				ORGANIZATIONNAME = Teko;
				TargetAttributes = {
					1A423E91257F643C00768E16 = {
						CreatedOnToolsVersion = 11.6;
					};
					1A78D5AF25DE7EE2002C709F = {
						CreatedOnToolsVersion = 12.4;
						LastSwiftMigration = 1240;
					};
					1A78D5FE25DE8270002C709F = {
						CreatedOnToolsVersion = 12.4;
						LastSwiftMigration = 1240;
					};
					1A78D89125DF998B002C709F = {
						CreatedOnToolsVersion = 12.4;
						LastSwiftMigration = 1240;
					};
				};
			};
			buildConfigurationList = 1A423E8D257F643C00768E16 /* Build configuration list for PBXProject "DemoSuperApp" */;
			compatibilityVersion = "Xcode 9.3";
			developmentRegion = en;
			hasScannedForEncodings = 0;
			knownRegions = (
				en,
				Base,
			);
			mainGroup = 1A423E89257F643C00768E16;
			productRefGroup = 1A423E93257F643C00768E16 /* Products */;
			projectDirPath = "";
			projectRoot = "";
			targets = (
				1A423E91257F643C00768E16 /* DemoSuperApp */,
				1A78D5AF25DE7EE2002C709F /* Mini */,
				1A78D5FE25DE8270002C709F /* TerraTheme */,
				1A78D89125DF998B002C709F /* SampleSDK */,
			);
		};
/* End PBXProject section */

/* Begin PBXResourcesBuildPhase section */
		1A423E90257F643C00768E16 /* Resources */ = {
			isa = PBXResourcesBuildPhase;
			buildActionMask = 2147483647;
			files = (
				1A3421DF25934558002CD6C8 /* GoogleService-Info.plist in Resources */,
				1A423EB7257F6EAE00768E16 /* TerraService-Info.plist in Resources */,
				1A423EA2257F643E00768E16 /* LaunchScreen.storyboard in Resources */,
				1A423E9F257F643E00768E16 /* Assets.xcassets in Resources */,
				1A423E9D257F643C00768E16 /* Main.storyboard in Resources */,
				1A423EAE257F6D6B00768E16 /* SplashViewController.xib in Resources */,
			);
			runOnlyForDeploymentPostprocessing = 0;
		};
		1A78D5AE25DE7EE2002C709F /* Resources */ = {
			isa = PBXResourcesBuildPhase;
			buildActionMask = 2147483647;
			files = (
				1A78D5C325DE7F16002C709F /* MiniViewController.xib in Resources */,
			);
			runOnlyForDeploymentPostprocessing = 0;
		};
		1A78D5FD25DE8270002C709F /* Resources */ = {
			isa = PBXResourcesBuildPhase;
			buildActionMask = 2147483647;
			files = (
			);
			runOnlyForDeploymentPostprocessing = 0;
		};
		1A78D89025DF998B002C709F /* Resources */ = {
			isa = PBXResourcesBuildPhase;
			buildActionMask = 2147483647;
			files = (
				1A78D8FC25DF99B0002C709F /* SampleListViewController.xib in Resources */,
				1A78D90325DF99D6002C709F /* SampleCell.xib in Resources */,
			);
			runOnlyForDeploymentPostprocessing = 0;
		};
/* End PBXResourcesBuildPhase section */

/* Begin PBXShellScriptBuildPhase section */
		21BB5BB7809150591D809EBA /* [CP] Check Pods Manifest.lock */ = {
			isa = PBXShellScriptBuildPhase;
			buildActionMask = 2147483647;
			files = (
			);
			inputFileListPaths = (
			);
			inputPaths = (
				"${PODS_PODFILE_DIR_PATH}/Podfile.lock",
				"${PODS_ROOT}/Manifest.lock",
			);
			name = "[CP] Check Pods Manifest.lock";
			outputFileListPaths = (
			);
			outputPaths = (
				"$(DERIVED_FILE_DIR)/Pods-SampleSDK-checkManifestLockResult.txt",
			);
			runOnlyForDeploymentPostprocessing = 0;
			shellPath = /bin/sh;
			shellScript = "diff \"${PODS_PODFILE_DIR_PATH}/Podfile.lock\" \"${PODS_ROOT}/Manifest.lock\" > /dev/null\nif [ $? != 0 ] ; then\n    # print error to STDERR\n    echo \"error: The sandbox is not in sync with the Podfile.lock. Run 'pod install' or update your CocoaPods installation.\" >&2\n    exit 1\nfi\n# This output is used by Xcode 'outputs' to avoid re-running this script phase.\necho \"SUCCESS\" > \"${SCRIPT_OUTPUT_FILE_0}\"\n";
			showEnvVarsInLog = 0;
		};
		372F19BCC9BBD12BEBABDD2B /* [CP] Check Pods Manifest.lock */ = {
			isa = PBXShellScriptBuildPhase;
			buildActionMask = 2147483647;
			files = (
			);
			inputFileListPaths = (
			);
			inputPaths = (
				"${PODS_PODFILE_DIR_PATH}/Podfile.lock",
				"${PODS_ROOT}/Manifest.lock",
			);
			name = "[CP] Check Pods Manifest.lock";
			outputFileListPaths = (
			);
			outputPaths = (
				"$(DERIVED_FILE_DIR)/Pods-DemoSuperApp-checkManifestLockResult.txt",
			);
			runOnlyForDeploymentPostprocessing = 0;
			shellPath = /bin/sh;
			shellScript = "diff \"${PODS_PODFILE_DIR_PATH}/Podfile.lock\" \"${PODS_ROOT}/Manifest.lock\" > /dev/null\nif [ $? != 0 ] ; then\n    # print error to STDERR\n    echo \"error: The sandbox is not in sync with the Podfile.lock. Run 'pod install' or update your CocoaPods installation.\" >&2\n    exit 1\nfi\n# This output is used by Xcode 'outputs' to avoid re-running this script phase.\necho \"SUCCESS\" > \"${SCRIPT_OUTPUT_FILE_0}\"\n";
			showEnvVarsInLog = 0;
		};
		A2C520BB1E9153A82291DC83 /* [CP] Copy Pods Resources */ = {
			isa = PBXShellScriptBuildPhase;
			buildActionMask = 2147483647;
			files = (
			);
			inputFileListPaths = (
				"${PODS_ROOT}/Target Support Files/Pods-DemoSuperApp/Pods-DemoSuperApp-resources-${CONFIGURATION}-input-files.xcfilelist",
			);
			name = "[CP] Copy Pods Resources";
			outputFileListPaths = (
				"${PODS_ROOT}/Target Support Files/Pods-DemoSuperApp/Pods-DemoSuperApp-resources-${CONFIGURATION}-output-files.xcfilelist",
			);
			runOnlyForDeploymentPostprocessing = 0;
			shellPath = /bin/sh;
			shellScript = "\"${PODS_ROOT}/Target Support Files/Pods-DemoSuperApp/Pods-DemoSuperApp-resources.sh\"\n";
			showEnvVarsInLog = 0;
		};
		B4A6508BFDBD180D2278A962 /* [CP] Embed Pods Frameworks */ = {
			isa = PBXShellScriptBuildPhase;
			buildActionMask = 2147483647;
			files = (
			);
			inputFileListPaths = (
				"${PODS_ROOT}/Target Support Files/Pods-DemoSuperApp/Pods-DemoSuperApp-frameworks-${CONFIGURATION}-input-files.xcfilelist",
			);
			name = "[CP] Embed Pods Frameworks";
			outputFileListPaths = (
				"${PODS_ROOT}/Target Support Files/Pods-DemoSuperApp/Pods-DemoSuperApp-frameworks-${CONFIGURATION}-output-files.xcfilelist",
			);
			runOnlyForDeploymentPostprocessing = 0;
			shellPath = /bin/sh;
			shellScript = "\"${PODS_ROOT}/Target Support Files/Pods-DemoSuperApp/Pods-DemoSuperApp-frameworks.sh\"\n";
			showEnvVarsInLog = 0;
		};
/* End PBXShellScriptBuildPhase section */

/* Begin PBXSourcesBuildPhase section */
		1A423E8E257F643C00768E16 /* Sources */ = {
			isa = PBXSourcesBuildPhase;
			buildActionMask = 2147483647;
			files = (
				1A34297925958270002CD6C8 /* DatabaseManager.swift in Sources */,
				1A423EAD257F6D6B00768E16 /* SplashViewController.swift in Sources */,
				1A423E9A257F643C00768E16 /* ViewController.swift in Sources */,
				1A342919259580AE002CD6C8 /* RealmUser.swift in Sources */,
				1A423EE72581DA7200768E16 /* SuperAppTrackingBridge.swift in Sources */,
				1A423E96257F643C00768E16 /* AppDelegate.swift in Sources */,
				1A78D5A925DE7D41002C709F /* UIView+.swift in Sources */,
				1A423EBE257F760500768E16 /* iCheck.swift in Sources */,
				1A423EBB257F723900768E16 /* UIViewController+alert.swift in Sources */,
			);
			runOnlyForDeploymentPostprocessing = 0;
		};
		1A78D5AC25DE7EE2002C709F /* Sources */ = {
			isa = PBXSourcesBuildPhase;
			buildActionMask = 2147483647;
			files = (
				1A78D5C225DE7F16002C709F /* MiniViewController.swift in Sources */,
			);
			runOnlyForDeploymentPostprocessing = 0;
		};
		1A78D5FB25DE8270002C709F /* Sources */ = {
			isa = PBXSourcesBuildPhase;
			buildActionMask = 2147483647;
			files = (
				1A78D61525DE83C7002C709F /* UIView+vc.swift in Sources */,
				1A78D61925DEBFB6002C709F /* UIViewController+swizzle.swift in Sources */,
				1A78D60B25DE828A002C709F /* Theme.swift in Sources */,
				1A78D69025DF57A8002C709F /* Notification+.swift in Sources */,
				1AE900F125E3AEF2001E3C88 /* UITableView+swizzle.swift in Sources */,
				1A78D60F25DE82AD002C709F /* ThemeManager.swift in Sources */,
			);
			runOnlyForDeploymentPostprocessing = 0;
		};
		1A78D88E25DF998B002C709F /* Sources */ = {
			isa = PBXSourcesBuildPhase;
			buildActionMask = 2147483647;
			files = (
				1A78D96025DFB007002C709F /* SampleSDKModule.swift in Sources */,
				1A78D8FB25DF99B0002C709F /* SampleListViewController.swift in Sources */,
				1A78D90225DF99D6002C709F /* SampleCell.swift in Sources */,
			);
			runOnlyForDeploymentPostprocessing = 0;
		};
/* End PBXSourcesBuildPhase section */

/* Begin PBXTargetDependency section */
		1A78D5C925DE8032002C709F /* PBXTargetDependency */ = {
			isa = PBXTargetDependency;
			target = 1A78D5AF25DE7EE2002C709F /* Mini */;
			targetProxy = 1A78D5C825DE8032002C709F /* PBXContainerItemProxy */;
		};
		1A78D67B25DECA86002C709F /* PBXTargetDependency */ = {
			isa = PBXTargetDependency;
			target = 1A78D5FE25DE8270002C709F /* TerraTheme */;
			targetProxy = 1A78D67A25DECA86002C709F /* PBXContainerItemProxy */;
		};
		1A78D90A25DFA123002C709F /* PBXTargetDependency */ = {
			isa = PBXTargetDependency;
			platformFilter = ios;
			target = 1A78D5FE25DE8270002C709F /* TerraTheme */;
			targetProxy = 1A78D90925DFA123002C709F /* PBXContainerItemProxy */;
		};
		1A78D95825DFAB08002C709F /* PBXTargetDependency */ = {
			isa = PBXTargetDependency;
			target = 1A78D89125DF998B002C709F /* SampleSDK */;
			targetProxy = 1A78D95725DFAB08002C709F /* PBXContainerItemProxy */;
		};
/* End PBXTargetDependency section */

/* Begin PBXVariantGroup section */
		1A423E9B257F643C00768E16 /* Main.storyboard */ = {
			isa = PBXVariantGroup;
			children = (
				1A423E9C257F643C00768E16 /* Base */,
			);
			name = Main.storyboard;
			sourceTree = "<group>";
		};
		1A423EA0257F643E00768E16 /* LaunchScreen.storyboard */ = {
			isa = PBXVariantGroup;
			children = (
				1A423EA1257F643E00768E16 /* Base */,
			);
			name = LaunchScreen.storyboard;
			sourceTree = "<group>";
		};
/* End PBXVariantGroup section */

/* Begin XCBuildConfiguration section */
		1A423EA4257F643E00768E16 /* Debug */ = {
			isa = XCBuildConfiguration;
			buildSettings = {
				ALWAYS_SEARCH_USER_PATHS = NO;
				CLANG_ANALYZER_NONNULL = YES;
				CLANG_ANALYZER_NUMBER_OBJECT_CONVERSION = YES_AGGRESSIVE;
				CLANG_CXX_LANGUAGE_STANDARD = "gnu++14";
				CLANG_CXX_LIBRARY = "libc++";
				CLANG_ENABLE_MODULES = YES;
				CLANG_ENABLE_OBJC_ARC = YES;
				CLANG_ENABLE_OBJC_WEAK = YES;
				CLANG_WARN_BLOCK_CAPTURE_AUTORELEASING = YES;
				CLANG_WARN_BOOL_CONVERSION = YES;
				CLANG_WARN_COMMA = YES;
				CLANG_WARN_CONSTANT_CONVERSION = YES;
				CLANG_WARN_DEPRECATED_OBJC_IMPLEMENTATIONS = YES;
				CLANG_WARN_DIRECT_OBJC_ISA_USAGE = YES_ERROR;
				CLANG_WARN_DOCUMENTATION_COMMENTS = YES;
				CLANG_WARN_EMPTY_BODY = YES;
				CLANG_WARN_ENUM_CONVERSION = YES;
				CLANG_WARN_INFINITE_RECURSION = YES;
				CLANG_WARN_INT_CONVERSION = YES;
				CLANG_WARN_NON_LITERAL_NULL_CONVERSION = YES;
				CLANG_WARN_OBJC_IMPLICIT_RETAIN_SELF = YES;
				CLANG_WARN_OBJC_LITERAL_CONVERSION = YES;
				CLANG_WARN_OBJC_ROOT_CLASS = YES_ERROR;
				CLANG_WARN_RANGE_LOOP_ANALYSIS = YES;
				CLANG_WARN_STRICT_PROTOTYPES = YES;
				CLANG_WARN_SUSPICIOUS_MOVE = YES;
				CLANG_WARN_UNGUARDED_AVAILABILITY = YES_AGGRESSIVE;
				CLANG_WARN_UNREACHABLE_CODE = YES;
				CLANG_WARN__DUPLICATE_METHOD_MATCH = YES;
				COPY_PHASE_STRIP = NO;
				DEBUG_INFORMATION_FORMAT = dwarf;
				ENABLE_STRICT_OBJC_MSGSEND = YES;
				ENABLE_TESTABILITY = YES;
				GCC_C_LANGUAGE_STANDARD = gnu11;
				GCC_DYNAMIC_NO_PIC = NO;
				GCC_NO_COMMON_BLOCKS = YES;
				GCC_OPTIMIZATION_LEVEL = 0;
				GCC_PREPROCESSOR_DEFINITIONS = (
					"DEBUG=1",
					"$(inherited)",
				);
				GCC_WARN_64_TO_32_BIT_CONVERSION = YES;
				GCC_WARN_ABOUT_RETURN_TYPE = YES_ERROR;
				GCC_WARN_UNDECLARED_SELECTOR = YES;
				GCC_WARN_UNINITIALIZED_AUTOS = YES_AGGRESSIVE;
				GCC_WARN_UNUSED_FUNCTION = YES;
				GCC_WARN_UNUSED_VARIABLE = YES;
				IPHONEOS_DEPLOYMENT_TARGET = 13.6;
				MTL_ENABLE_DEBUG_INFO = INCLUDE_SOURCE;
				MTL_FAST_MATH = YES;
				ONLY_ACTIVE_ARCH = YES;
				SDKROOT = iphoneos;
				SWIFT_ACTIVE_COMPILATION_CONDITIONS = DEBUG;
				SWIFT_OPTIMIZATION_LEVEL = "-Onone";
			};
			name = Debug;
		};
		1A423EA5257F643E00768E16 /* Release */ = {
			isa = XCBuildConfiguration;
			buildSettings = {
				ALWAYS_SEARCH_USER_PATHS = NO;
				CLANG_ANALYZER_NONNULL = YES;
				CLANG_ANALYZER_NUMBER_OBJECT_CONVERSION = YES_AGGRESSIVE;
				CLANG_CXX_LANGUAGE_STANDARD = "gnu++14";
				CLANG_CXX_LIBRARY = "libc++";
				CLANG_ENABLE_MODULES = YES;
				CLANG_ENABLE_OBJC_ARC = YES;
				CLANG_ENABLE_OBJC_WEAK = YES;
				CLANG_WARN_BLOCK_CAPTURE_AUTORELEASING = YES;
				CLANG_WARN_BOOL_CONVERSION = YES;
				CLANG_WARN_COMMA = YES;
				CLANG_WARN_CONSTANT_CONVERSION = YES;
				CLANG_WARN_DEPRECATED_OBJC_IMPLEMENTATIONS = YES;
				CLANG_WARN_DIRECT_OBJC_ISA_USAGE = YES_ERROR;
				CLANG_WARN_DOCUMENTATION_COMMENTS = YES;
				CLANG_WARN_EMPTY_BODY = YES;
				CLANG_WARN_ENUM_CONVERSION = YES;
				CLANG_WARN_INFINITE_RECURSION = YES;
				CLANG_WARN_INT_CONVERSION = YES;
				CLANG_WARN_NON_LITERAL_NULL_CONVERSION = YES;
				CLANG_WARN_OBJC_IMPLICIT_RETAIN_SELF = YES;
				CLANG_WARN_OBJC_LITERAL_CONVERSION = YES;
				CLANG_WARN_OBJC_ROOT_CLASS = YES_ERROR;
				CLANG_WARN_RANGE_LOOP_ANALYSIS = YES;
				CLANG_WARN_STRICT_PROTOTYPES = YES;
				CLANG_WARN_SUSPICIOUS_MOVE = YES;
				CLANG_WARN_UNGUARDED_AVAILABILITY = YES_AGGRESSIVE;
				CLANG_WARN_UNREACHABLE_CODE = YES;
				CLANG_WARN__DUPLICATE_METHOD_MATCH = YES;
				COPY_PHASE_STRIP = NO;
				DEBUG_INFORMATION_FORMAT = "dwarf-with-dsym";
				ENABLE_NS_ASSERTIONS = NO;
				ENABLE_STRICT_OBJC_MSGSEND = YES;
				GCC_C_LANGUAGE_STANDARD = gnu11;
				GCC_NO_COMMON_BLOCKS = YES;
				GCC_WARN_64_TO_32_BIT_CONVERSION = YES;
				GCC_WARN_ABOUT_RETURN_TYPE = YES_ERROR;
				GCC_WARN_UNDECLARED_SELECTOR = YES;
				GCC_WARN_UNINITIALIZED_AUTOS = YES_AGGRESSIVE;
				GCC_WARN_UNUSED_FUNCTION = YES;
				GCC_WARN_UNUSED_VARIABLE = YES;
				IPHONEOS_DEPLOYMENT_TARGET = 13.6;
				MTL_ENABLE_DEBUG_INFO = NO;
				MTL_FAST_MATH = YES;
				SDKROOT = iphoneos;
				SWIFT_COMPILATION_MODE = wholemodule;
				SWIFT_OPTIMIZATION_LEVEL = "-O";
				VALIDATE_PRODUCT = YES;
			};
			name = Release;
		};
		1A423EA7257F643E00768E16 /* Debug */ = {
			isa = XCBuildConfiguration;
			baseConfigurationReference = D60ADE969C014BD24F2DB315 /* Pods-DemoSuperApp.debug.xcconfig */;
			buildSettings = {
				ASSETCATALOG_COMPILER_APPICON_NAME = AppIcon;
				CODE_SIGN_STYLE = Manual;
				DEVELOPMENT_TEAM = "";
				"EXCLUDED_ARCHS[sdk=iphonesimulator*]" = "";
				FRAMEWORK_SEARCH_PATHS = (
					"$(inherited)",
					"$(PROJECT_DIR)",
				);
				INFOPLIST_FILE = DemoSuperApp/Info.plist;
				IPHONEOS_DEPLOYMENT_TARGET = 10.0;
				LD_RUNPATH_SEARCH_PATHS = (
					"$(inherited)",
					"@executable_path/Frameworks",
				);
				PRODUCT_BUNDLE_IDENTIFIER = vn.teko.superapp.demo;
				PRODUCT_NAME = "Demo Super App";
				PROVISIONING_PROFILE_SPECIFIER = "";
				SWIFT_VERSION = 5.0;
				TARGETED_DEVICE_FAMILY = "1,2";
			};
			name = Debug;
		};
		1A423EA8257F643E00768E16 /* Release */ = {
			isa = XCBuildConfiguration;
			baseConfigurationReference = C6988CD47246146FDE4AA143 /* Pods-DemoSuperApp.release.xcconfig */;
			buildSettings = {
				ASSETCATALOG_COMPILER_APPICON_NAME = AppIcon;
				CODE_SIGN_STYLE = Manual;
				DEVELOPMENT_TEAM = "";
				"EXCLUDED_ARCHS[sdk=iphonesimulator*]" = "";
				FRAMEWORK_SEARCH_PATHS = (
					"$(inherited)",
					"$(PROJECT_DIR)",
				);
				INFOPLIST_FILE = DemoSuperApp/Info.plist;
				IPHONEOS_DEPLOYMENT_TARGET = 10.0;
				LD_RUNPATH_SEARCH_PATHS = (
					"$(inherited)",
					"@executable_path/Frameworks",
				);
				PRODUCT_BUNDLE_IDENTIFIER = vn.teko.superapp.demo;
				PRODUCT_NAME = "Demo Super App";
				PROVISIONING_PROFILE_SPECIFIER = "";
				SWIFT_VERSION = 5.0;
				TARGETED_DEVICE_FAMILY = "1,2";
			};
			name = Release;
		};
		1A78D5B625DE7EE3002C709F /* Debug */ = {
			isa = XCBuildConfiguration;
			buildSettings = {
				CLANG_ENABLE_MODULES = YES;
				CLANG_WARN_QUOTED_INCLUDE_IN_FRAMEWORK_HEADER = YES;
				CODE_SIGN_STYLE = Automatic;
				CURRENT_PROJECT_VERSION = 1;
				DEFINES_MODULE = YES;
				DEVELOPMENT_TEAM = 2G2F7B8D22;
				DYLIB_COMPATIBILITY_VERSION = 1;
				DYLIB_CURRENT_VERSION = 1;
				DYLIB_INSTALL_NAME_BASE = "@rpath";
				INFOPLIST_FILE = Mini/Info.plist;
				INSTALL_PATH = "$(LOCAL_LIBRARY_DIR)/Frameworks";
				IPHONEOS_DEPLOYMENT_TARGET = 10.0;
				LD_RUNPATH_SEARCH_PATHS = (
					"$(inherited)",
					"@executable_path/Frameworks",
					"@loader_path/Frameworks",
				);
				PRODUCT_BUNDLE_IDENTIFIER = vn.teko.superapp.mini.Mini;
				PRODUCT_NAME = "$(TARGET_NAME:c99extidentifier)";
				SKIP_INSTALL = YES;
				SUPPORTS_MACCATALYST = NO;
				SWIFT_OPTIMIZATION_LEVEL = "-Onone";
				SWIFT_VERSION = 5.0;
				TARGETED_DEVICE_FAMILY = "1,2";
				VERSIONING_SYSTEM = "apple-generic";
				VERSION_INFO_PREFIX = "";
			};
			name = Debug;
		};
		1A78D5B725DE7EE3002C709F /* Release */ = {
			isa = XCBuildConfiguration;
			buildSettings = {
				CLANG_ENABLE_MODULES = YES;
				CLANG_WARN_QUOTED_INCLUDE_IN_FRAMEWORK_HEADER = YES;
				CODE_SIGN_STYLE = Automatic;
				CURRENT_PROJECT_VERSION = 1;
				DEFINES_MODULE = YES;
				DEVELOPMENT_TEAM = 2G2F7B8D22;
				DYLIB_COMPATIBILITY_VERSION = 1;
				DYLIB_CURRENT_VERSION = 1;
				DYLIB_INSTALL_NAME_BASE = "@rpath";
				INFOPLIST_FILE = Mini/Info.plist;
				INSTALL_PATH = "$(LOCAL_LIBRARY_DIR)/Frameworks";
				IPHONEOS_DEPLOYMENT_TARGET = 10.0;
				LD_RUNPATH_SEARCH_PATHS = (
					"$(inherited)",
					"@executable_path/Frameworks",
					"@loader_path/Frameworks",
				);
				PRODUCT_BUNDLE_IDENTIFIER = vn.teko.superapp.mini.Mini;
				PRODUCT_NAME = "$(TARGET_NAME:c99extidentifier)";
				SKIP_INSTALL = YES;
				SUPPORTS_MACCATALYST = NO;
				SWIFT_VERSION = 5.0;
				TARGETED_DEVICE_FAMILY = "1,2";
				VERSIONING_SYSTEM = "apple-generic";
				VERSION_INFO_PREFIX = "";
			};
			name = Release;
		};
		1A78D60525DE8270002C709F /* Debug */ = {
			isa = XCBuildConfiguration;
			buildSettings = {
				CLANG_ENABLE_MODULES = YES;
				CLANG_WARN_QUOTED_INCLUDE_IN_FRAMEWORK_HEADER = YES;
				CODE_SIGN_STYLE = Automatic;
				CURRENT_PROJECT_VERSION = 1;
				DEFINES_MODULE = YES;
				DEVELOPMENT_TEAM = 2G2F7B8D22;
				DYLIB_COMPATIBILITY_VERSION = 1;
				DYLIB_CURRENT_VERSION = 1;
				DYLIB_INSTALL_NAME_BASE = "@rpath";
				INFOPLIST_FILE = TerraTheme/Info.plist;
				INSTALL_PATH = "$(LOCAL_LIBRARY_DIR)/Frameworks";
				IPHONEOS_DEPLOYMENT_TARGET = 10.0;
				LD_RUNPATH_SEARCH_PATHS = (
					"$(inherited)",
					"@executable_path/Frameworks",
					"@loader_path/Frameworks",
				);
				PRODUCT_BUNDLE_IDENTIFIER = vn.teko.terra.theme.TerraTheme;
				PRODUCT_NAME = "$(TARGET_NAME:c99extidentifier)";
				SKIP_INSTALL = YES;
				SUPPORTS_MACCATALYST = NO;
				SWIFT_OPTIMIZATION_LEVEL = "-Onone";
				SWIFT_VERSION = 5.0;
				TARGETED_DEVICE_FAMILY = "1,2";
				VERSIONING_SYSTEM = "apple-generic";
				VERSION_INFO_PREFIX = "";
			};
			name = Debug;
		};
		1A78D60625DE8270002C709F /* Release */ = {
			isa = XCBuildConfiguration;
			buildSettings = {
				CLANG_ENABLE_MODULES = YES;
				CLANG_WARN_QUOTED_INCLUDE_IN_FRAMEWORK_HEADER = YES;
				CODE_SIGN_STYLE = Automatic;
				CURRENT_PROJECT_VERSION = 1;
				DEFINES_MODULE = YES;
				DEVELOPMENT_TEAM = 2G2F7B8D22;
				DYLIB_COMPATIBILITY_VERSION = 1;
				DYLIB_CURRENT_VERSION = 1;
				DYLIB_INSTALL_NAME_BASE = "@rpath";
				INFOPLIST_FILE = TerraTheme/Info.plist;
				INSTALL_PATH = "$(LOCAL_LIBRARY_DIR)/Frameworks";
				IPHONEOS_DEPLOYMENT_TARGET = 10.0;
				LD_RUNPATH_SEARCH_PATHS = (
					"$(inherited)",
					"@executable_path/Frameworks",
					"@loader_path/Frameworks",
				);
				PRODUCT_BUNDLE_IDENTIFIER = vn.teko.terra.theme.TerraTheme;
				PRODUCT_NAME = "$(TARGET_NAME:c99extidentifier)";
				SKIP_INSTALL = YES;
				SUPPORTS_MACCATALYST = NO;
				SWIFT_VERSION = 5.0;
				TARGETED_DEVICE_FAMILY = "1,2";
				VERSIONING_SYSTEM = "apple-generic";
				VERSION_INFO_PREFIX = "";
			};
			name = Release;
		};
		1A78D89825DF998B002C709F /* Debug */ = {
			isa = XCBuildConfiguration;
			baseConfigurationReference = BC68CF61C076C09AF2553D43 /* Pods-SampleSDK.debug.xcconfig */;
			buildSettings = {
				CLANG_ENABLE_MODULES = YES;
				CLANG_WARN_QUOTED_INCLUDE_IN_FRAMEWORK_HEADER = YES;
				CODE_SIGN_STYLE = Automatic;
				CURRENT_PROJECT_VERSION = 1;
				DEFINES_MODULE = YES;
				DEVELOPMENT_TEAM = 2G2F7B8D22;
				DYLIB_COMPATIBILITY_VERSION = 1;
				DYLIB_CURRENT_VERSION = 1;
				DYLIB_INSTALL_NAME_BASE = "@rpath";
				INFOPLIST_FILE = SampleSDK/Info.plist;
				INSTALL_PATH = "$(LOCAL_LIBRARY_DIR)/Frameworks";
				IPHONEOS_DEPLOYMENT_TARGET = 10.0;
				LD_RUNPATH_SEARCH_PATHS = (
					"$(inherited)",
					"@executable_path/Frameworks",
					"@loader_path/Frameworks",
				);
				PRODUCT_BUNDLE_IDENTIFIER = vn.teko.terra.samplesdk.SampleSDK;
				PRODUCT_NAME = "$(TARGET_NAME:c99extidentifier)";
				SKIP_INSTALL = YES;
				SUPPORTS_MACCATALYST = NO;
				SWIFT_OPTIMIZATION_LEVEL = "-Onone";
				SWIFT_VERSION = 5.0;
				TARGETED_DEVICE_FAMILY = "1,2";
				VERSIONING_SYSTEM = "apple-generic";
				VERSION_INFO_PREFIX = "";
			};
			name = Debug;
		};
		1A78D89925DF998B002C709F /* Release */ = {
			isa = XCBuildConfiguration;
			baseConfigurationReference = 1F7C29A7F327ACD6FF4F76ED /* Pods-SampleSDK.release.xcconfig */;
			buildSettings = {
				CLANG_ENABLE_MODULES = YES;
				CLANG_WARN_QUOTED_INCLUDE_IN_FRAMEWORK_HEADER = YES;
				CODE_SIGN_STYLE = Automatic;
				CURRENT_PROJECT_VERSION = 1;
				DEFINES_MODULE = YES;
				DEVELOPMENT_TEAM = 2G2F7B8D22;
				DYLIB_COMPATIBILITY_VERSION = 1;
				DYLIB_CURRENT_VERSION = 1;
				DYLIB_INSTALL_NAME_BASE = "@rpath";
				INFOPLIST_FILE = SampleSDK/Info.plist;
				INSTALL_PATH = "$(LOCAL_LIBRARY_DIR)/Frameworks";
				IPHONEOS_DEPLOYMENT_TARGET = 10.0;
				LD_RUNPATH_SEARCH_PATHS = (
					"$(inherited)",
					"@executable_path/Frameworks",
					"@loader_path/Frameworks",
				);
				PRODUCT_BUNDLE_IDENTIFIER = vn.teko.terra.samplesdk.SampleSDK;
				PRODUCT_NAME = "$(TARGET_NAME:c99extidentifier)";
				SKIP_INSTALL = YES;
				SUPPORTS_MACCATALYST = NO;
				SWIFT_VERSION = 5.0;
				TARGETED_DEVICE_FAMILY = "1,2";
				VERSIONING_SYSTEM = "apple-generic";
				VERSION_INFO_PREFIX = "";
			};
			name = Release;
		};
/* End XCBuildConfiguration section */

/* Begin XCConfigurationList section */
		1A423E8D257F643C00768E16 /* Build configuration list for PBXProject "DemoSuperApp" */ = {
			isa = XCConfigurationList;
			buildConfigurations = (
				1A423EA4257F643E00768E16 /* Debug */,
				1A423EA5257F643E00768E16 /* Release */,
			);
			defaultConfigurationIsVisible = 0;
			defaultConfigurationName = Release;
		};
		1A423EA6257F643E00768E16 /* Build configuration list for PBXNativeTarget "DemoSuperApp" */ = {
			isa = XCConfigurationList;
			buildConfigurations = (
				1A423EA7257F643E00768E16 /* Debug */,
				1A423EA8257F643E00768E16 /* Release */,
			);
			defaultConfigurationIsVisible = 0;
			defaultConfigurationName = Release;
		};
		1A78D5B525DE7EE3002C709F /* Build configuration list for PBXNativeTarget "Mini" */ = {
			isa = XCConfigurationList;
			buildConfigurations = (
				1A78D5B625DE7EE3002C709F /* Debug */,
				1A78D5B725DE7EE3002C709F /* Release */,
			);
			defaultConfigurationIsVisible = 0;
			defaultConfigurationName = Release;
		};
		1A78D60425DE8270002C709F /* Build configuration list for PBXNativeTarget "TerraTheme" */ = {
			isa = XCConfigurationList;
			buildConfigurations = (
				1A78D60525DE8270002C709F /* Debug */,
				1A78D60625DE8270002C709F /* Release */,
			);
			defaultConfigurationIsVisible = 0;
			defaultConfigurationName = Release;
		};
		1A78D89725DF998B002C709F /* Build configuration list for PBXNativeTarget "SampleSDK" */ = {
			isa = XCConfigurationList;
			buildConfigurations = (
				1A78D89825DF998B002C709F /* Debug */,
				1A78D89925DF998B002C709F /* Release */,
			);
			defaultConfigurationIsVisible = 0;
			defaultConfigurationName = Release;
		};
/* End XCConfigurationList section */
	};
	rootObject = 1A423E8A257F643C00768E16 /* Project object */;
}
