// !$*UTF8*$!
{
	archiveVersion = 1;
	classes = {
	};
	objectVersion = 51;
	objects = {

/* Begin PBXBuildFile section */
		1A3421DF25934558002CD6C8 /* GoogleService-Info.plist in Resources */ = {isa = PBXBuildFile; fileRef = 1A3421DE25934558002CD6C8 /* GoogleService-Info.plist */; };
		1A423E96257F643C00768E16 /* AppDelegate.swift in Sources */ = {isa = PBXBuildFile; fileRef = 1A423E95257F643C00768E16 /* AppDelegate.swift */; };
		1A423E9A257F643C00768E16 /* ViewController.swift in Sources */ = {isa = PBXBuildFile; fileRef = 1A423E99257F643C00768E16 /* ViewController.swift */; };
		1A423E9D257F643C00768E16 /* Main.storyboard in Resources */ = {isa = PBXBuildFile; fileRef = 1A423E9B257F643C00768E16 /* Main.storyboard */; };
		1A423E9F257F643E00768E16 /* Assets.xcassets in Resources */ = {isa = PBXBuildFile; fileRef = 1A423E9E257F643E00768E16 /* Assets.xcassets */; };
		1A423EA2257F643E00768E16 /* LaunchScreen.storyboard in Resources */ = {isa = PBXBuildFile; fileRef = 1A423EA0257F643E00768E16 /* LaunchScreen.storyboard */; };
		1A423EAD257F6D6B00768E16 /* SplashViewController.swift in Sources */ = {isa = PBXBuildFile; fileRef = 1A423EAB257F6D6B00768E16 /* SplashViewController.swift */; };
		1A423EAE257F6D6B00768E16 /* SplashViewController.xib in Resources */ = {isa = PBXBuildFile; fileRef = 1A423EAC257F6D6B00768E16 /* SplashViewController.xib */; };
		1A423EB7257F6EAE00768E16 /* TerraService-Info.plist in Resources */ = {isa = PBXBuildFile; fileRef = 1A423EB6257F6EAE00768E16 /* TerraService-Info.plist */; };
		1A423EBB257F723900768E16 /* UIViewController+alert.swift in Sources */ = {isa = PBXBuildFile; fileRef = 1A423EBA257F723900768E16 /* UIViewController+alert.swift */; };
		1A423EBE257F760500768E16 /* iCheck.swift in Sources */ = {isa = PBXBuildFile; fileRef = 1A423EBD257F760500768E16 /* iCheck.swift */; };
		1A423EE72581DA7200768E16 /* SuperAppTrackingBridge.swift in Sources */ = {isa = PBXBuildFile; fileRef = 1A423EE62581DA7200768E16 /* SuperAppTrackingBridge.swift */; };
		5C254E664C3236A6DA26C297 /* Pods_DemoSuperApp.framework in Frameworks */ = {isa = PBXBuildFile; fileRef = 5F107A5245F0C3811143C350 /* Pods_DemoSuperApp.framework */; };
/* End PBXBuildFile section */

/* Begin PBXFileReference section */
		1A3421DE25934558002CD6C8 /* GoogleService-Info.plist */ = {isa = PBXFileReference; fileEncoding = 4; lastKnownFileType = text.plist.xml; path = "GoogleService-Info.plist"; sourceTree = "<group>"; };
		1A34F2002588B7F4005357E3 /* TripiCommon.framework */ = {isa = PBXFileReference; lastKnownFileType = wrapper.framework; path = TripiCommon.framework; sourceTree = "<group>"; };
		1A34F2042588B81B005357E3 /* TripiFlightKit.framework */ = {isa = PBXFileReference; lastKnownFileType = wrapper.framework; path = TripiFlightKit.framework; sourceTree = "<group>"; };
		1A423E92257F643C00768E16 /* Demo Super App.app */ = {isa = PBXFileReference; explicitFileType = wrapper.application; includeInIndex = 0; path = "Demo Super App.app"; sourceTree = BUILT_PRODUCTS_DIR; };
		1A423E95257F643C00768E16 /* AppDelegate.swift */ = {isa = PBXFileReference; lastKnownFileType = sourcecode.swift; path = AppDelegate.swift; sourceTree = "<group>"; };
		1A423E99257F643C00768E16 /* ViewController.swift */ = {isa = PBXFileReference; lastKnownFileType = sourcecode.swift; path = ViewController.swift; sourceTree = "<group>"; };
		1A423E9C257F643C00768E16 /* Base */ = {isa = PBXFileReference; lastKnownFileType = file.storyboard; name = Base; path = Base.lproj/Main.storyboard; sourceTree = "<group>"; };
		1A423E9E257F643E00768E16 /* Assets.xcassets */ = {isa = PBXFileReference; lastKnownFileType = folder.assetcatalog; path = Assets.xcassets; sourceTree = "<group>"; };
		1A423EA1257F643E00768E16 /* Base */ = {isa = PBXFileReference; lastKnownFileType = file.storyboard; name = Base; path = Base.lproj/LaunchScreen.storyboard; sourceTree = "<group>"; };
		1A423EA3257F643E00768E16 /* Info.plist */ = {isa = PBXFileReference; lastKnownFileType = text.plist.xml; path = Info.plist; sourceTree = "<group>"; };
		1A423EAB257F6D6B00768E16 /* SplashViewController.swift */ = {isa = PBXFileReference; lastKnownFileType = sourcecode.swift; path = SplashViewController.swift; sourceTree = "<group>"; };
		1A423EAC257F6D6B00768E16 /* SplashViewController.xib */ = {isa = PBXFileReference; lastKnownFileType = file.xib; path = SplashViewController.xib; sourceTree = "<group>"; };
		1A423EB6257F6EAE00768E16 /* TerraService-Info.plist */ = {isa = PBXFileReference; fileEncoding = 4; lastKnownFileType = text.plist.xml; path = "TerraService-Info.plist"; sourceTree = "<group>"; };
		1A423EBA257F723900768E16 /* UIViewController+alert.swift */ = {isa = PBXFileReference; lastKnownFileType = sourcecode.swift; path = "UIViewController+alert.swift"; sourceTree = "<group>"; };
		1A423EBD257F760500768E16 /* iCheck.swift */ = {isa = PBXFileReference; lastKnownFileType = sourcecode.swift; path = iCheck.swift; sourceTree = "<group>"; };
		1A423EBF2580CD1E00768E16 /* Janus.framework */ = {isa = PBXFileReference; lastKnownFileType = wrapper.framework; path = Janus.framework; sourceTree = "<group>"; };
		1A423EC62580E6C300768E16 /* Hestia.framework */ = {isa = PBXFileReference; lastKnownFileType = wrapper.framework; path = Hestia.framework; sourceTree = "<group>"; };
		1A423EC92580E78800768E16 /* TripiFlightConnector.framework */ = {isa = PBXFileReference; lastKnownFileType = wrapper.framework; name = TripiFlightConnector.framework; path = ../../../../Downloads/TripiFlightConnector.framework; sourceTree = "<group>"; };
		1A423ECC2580E7CE00768E16 /* HestiaIOS.framework */ = {isa = PBXFileReference; lastKnownFileType = wrapper.framework; name = HestiaIOS.framework; path = ../../../../Downloads/HestiaIOS.framework; sourceTree = "<group>"; };
		1A423ED12580E9CE00768E16 /* TripiFlightConnector.framework */ = {isa = PBXFileReference; lastKnownFileType = wrapper.framework; path = TripiFlightConnector.framework; sourceTree = "<group>"; };
		1A423ED42580E9DF00768E16 /* HestiaIOS.framework */ = {isa = PBXFileReference; lastKnownFileType = wrapper.framework; path = HestiaIOS.framework; sourceTree = "<group>"; };
		1A423ED72580EB8C00768E16 /* VnshopSdk.framework */ = {isa = PBXFileReference; lastKnownFileType = wrapper.framework; path = VnshopSdk.framework; sourceTree = "<group>"; };
		1A423EDA2580F05B00768E16 /* TekCoreUploader.framework */ = {isa = PBXFileReference; lastKnownFileType = wrapper.framework; name = TekCoreUploader.framework; path = ../../../../Downloads/TekCoreUploader.framework; sourceTree = "<group>"; };
		1A423EDD2580F06A00768E16 /* TekCoreUploader.framework */ = {isa = PBXFileReference; lastKnownFileType = wrapper.framework; path = TekCoreUploader.framework; sourceTree = "<group>"; };
		1A423EE025810FD000768E16 /* TekCrmService.framework */ = {isa = PBXFileReference; lastKnownFileType = wrapper.framework; path = TekCrmService.framework; sourceTree = "<group>"; };
		1A423EE62581DA7200768E16 /* SuperAppTrackingBridge.swift */ = {isa = PBXFileReference; lastKnownFileType = sourcecode.swift; path = SuperAppTrackingBridge.swift; sourceTree = "<group>"; };
		1A5544932589B261007AB82F /* VnshopSdk.framework */ = {isa = PBXFileReference; lastKnownFileType = wrapper.framework; name = VnshopSdk.framework; path = "../../external-modules/Vnshop/dev/VnshopSdk.framework"; sourceTree = "<group>"; };
		5F107A5245F0C3811143C350 /* Pods_DemoSuperApp.framework */ = {isa = PBXFileReference; explicitFileType = wrapper.framework; includeInIndex = 0; path = Pods_DemoSuperApp.framework; sourceTree = BUILT_PRODUCTS_DIR; };
		C6988CD47246146FDE4AA143 /* Pods-DemoSuperApp.release.xcconfig */ = {isa = PBXFileReference; includeInIndex = 1; lastKnownFileType = text.xcconfig; name = "Pods-DemoSuperApp.release.xcconfig"; path = "Target Support Files/Pods-DemoSuperApp/Pods-DemoSuperApp.release.xcconfig"; sourceTree = "<group>"; };
		D60ADE969C014BD24F2DB315 /* Pods-DemoSuperApp.debug.xcconfig */ = {isa = PBXFileReference; includeInIndex = 1; lastKnownFileType = text.xcconfig; name = "Pods-DemoSuperApp.debug.xcconfig"; path = "Target Support Files/Pods-DemoSuperApp/Pods-DemoSuperApp.debug.xcconfig"; sourceTree = "<group>"; };
/* End PBXFileReference section */

/* Begin PBXFrameworksBuildPhase section */
		1A423E8F257F643C00768E16 /* Frameworks */ = {
			isa = PBXFrameworksBuildPhase;
			buildActionMask = 2147483647;
			files = (
				5C254E664C3236A6DA26C297 /* Pods_DemoSuperApp.framework in Frameworks */,
			);
			runOnlyForDeploymentPostprocessing = 0;
		};
/* End PBXFrameworksBuildPhase section */

/* Begin PBXGroup section */
		1A423E89257F643C00768E16 = {
			isa = PBXGroup;
			children = (
				1A423E94257F643C00768E16 /* DemoSuperApp */,
				1A423E93257F643C00768E16 /* Products */,
				4C2DED7659C111313C946482 /* Pods */,
				9D261EDD860EE04290163A76 /* Frameworks */,
			);
			sourceTree = "<group>";
		};
		1A423E93257F643C00768E16 /* Products */ = {
			isa = PBXGroup;
			children = (
				1A423E92257F643C00768E16 /* Demo Super App.app */,
			);
			name = Products;
			sourceTree = "<group>";
		};
		1A423E94257F643C00768E16 /* DemoSuperApp */ = {
			isa = PBXGroup;
			children = (
				1A423EB8257F718A00768E16 /* Supporting Files */,
				1A423EB5257F6E9700768E16 /* Resources */,
				1A423EA9257F6D5600768E16 /* Modules */,
				1A423EB9257F722500768E16 /* Extensions */,
			);
			path = DemoSuperApp;
			sourceTree = "<group>";
		};
		1A423EA9257F6D5600768E16 /* Modules */ = {
			isa = PBXGroup;
			children = (
				1A423EE52581DA6300768E16 /* Tracking */,
				1A423EBC257F75FA00768E16 /* Networking */,
				1A423EB0257F6D9B00768E16 /* App */,
				1A423EAF257F6D9000768E16 /* Home */,
				1A423EAA257F6D5C00768E16 /* Splash */,
			);
			path = Modules;
			sourceTree = "<group>";
		};
		1A423EAA257F6D5C00768E16 /* Splash */ = {
			isa = PBXGroup;
			children = (
				1A423EAB257F6D6B00768E16 /* SplashViewController.swift */,
				1A423EAC257F6D6B00768E16 /* SplashViewController.xib */,
			);
			path = Splash;
			sourceTree = "<group>";
		};
		1A423EAF257F6D9000768E16 /* Home */ = {
			isa = PBXGroup;
			children = (
				1A423E99257F643C00768E16 /* ViewController.swift */,
			);
			path = Home;
			sourceTree = "<group>";
		};
		1A423EB0257F6D9B00768E16 /* App */ = {
			isa = PBXGroup;
			children = (
				1A423E95257F643C00768E16 /* AppDelegate.swift */,
			);
			name = App;
			sourceTree = "<group>";
		};
		1A423EB5257F6E9700768E16 /* Resources */ = {
			isa = PBXGroup;
			children = (
				1A423EB6257F6EAE00768E16 /* TerraService-Info.plist */,
			);
			path = Resources;
			sourceTree = "<group>";
		};
		1A423EB8257F718A00768E16 /* Supporting Files */ = {
			isa = PBXGroup;
			children = (
				1A3421DE25934558002CD6C8 /* GoogleService-Info.plist */,
				1A423E9B257F643C00768E16 /* Main.storyboard */,
				1A423E9E257F643E00768E16 /* Assets.xcassets */,
				1A423EA0257F643E00768E16 /* LaunchScreen.storyboard */,
				1A423EA3257F643E00768E16 /* Info.plist */,
			);
			name = "Supporting Files";
			sourceTree = "<group>";
		};
		1A423EB9257F722500768E16 /* Extensions */ = {
			isa = PBXGroup;
			children = (
				1A423EBA257F723900768E16 /* UIViewController+alert.swift */,
			);
			path = Extensions;
			sourceTree = "<group>";
		};
		1A423EBC257F75FA00768E16 /* Networking */ = {
			isa = PBXGroup;
			children = (
				1A423EBD257F760500768E16 /* iCheck.swift */,
			);
			path = Networking;
			sourceTree = "<group>";
		};
		1A423EE52581DA6300768E16 /* Tracking */ = {
			isa = PBXGroup;
			children = (
				1A423EE62581DA7200768E16 /* SuperAppTrackingBridge.swift */,
			);
			path = Tracking;
			sourceTree = "<group>";
		};
		4C2DED7659C111313C946482 /* Pods */ = {
			isa = PBXGroup;
			children = (
				D60ADE969C014BD24F2DB315 /* Pods-DemoSuperApp.debug.xcconfig */,
				C6988CD47246146FDE4AA143 /* Pods-DemoSuperApp.release.xcconfig */,
			);
			path = Pods;
			sourceTree = "<group>";
		};
		9D261EDD860EE04290163A76 /* Frameworks */ = {
			isa = PBXGroup;
			children = (
				1A5544932589B261007AB82F /* VnshopSdk.framework */,
				1A34F2042588B81B005357E3 /* TripiFlightKit.framework */,
				1A34F2002588B7F4005357E3 /* TripiCommon.framework */,
				1A423EE025810FD000768E16 /* TekCrmService.framework */,
				1A423EDA2580F05B00768E16 /* TekCoreUploader.framework */,
				1A423EDD2580F06A00768E16 /* TekCoreUploader.framework */,
				1A423ED72580EB8C00768E16 /* VnshopSdk.framework */,
				1A423ED42580E9DF00768E16 /* HestiaIOS.framework */,
				1A423ED12580E9CE00768E16 /* TripiFlightConnector.framework */,
				1A423ECC2580E7CE00768E16 /* HestiaIOS.framework */,
				1A423EC92580E78800768E16 /* TripiFlightConnector.framework */,
				1A423EC62580E6C300768E16 /* Hestia.framework */,
				1A423EBF2580CD1E00768E16 /* Janus.framework */,
				5F107A5245F0C3811143C350 /* Pods_DemoSuperApp.framework */,
			);
			name = Frameworks;
			sourceTree = "<group>";
		};
/* End PBXGroup section */

/* Begin PBXNativeTarget section */
		1A423E91257F643C00768E16 /* DemoSuperApp */ = {
			isa = PBXNativeTarget;
			buildConfigurationList = 1A423EA6257F643E00768E16 /* Build configuration list for PBXNativeTarget "DemoSuperApp" */;
			buildPhases = (
				372F19BCC9BBD12BEBABDD2B /* [CP] Check Pods Manifest.lock */,
				1A423E8E257F643C00768E16 /* Sources */,
				1A423E8F257F643C00768E16 /* Frameworks */,
				1A423E90257F643C00768E16 /* Resources */,
				B4A6508BFDBD180D2278A962 /* [CP] Embed Pods Frameworks */,
				21C11981C003F3513EA78B80 /* [CP] Copy Pods Resources */,
			);
			buildRules = (
			);
			dependencies = (
			);
			name = DemoSuperApp;
			productName = DemoSuperApp;
			productReference = 1A423E92257F643C00768E16 /* Demo Super App.app */;
			productType = "com.apple.product-type.application";
		};
/* End PBXNativeTarget section */

/* Begin PBXProject section */
		1A423E8A257F643C00768E16 /* Project object */ = {
			isa = PBXProject;
			attributes = {
				LastSwiftUpdateCheck = 1160;
				LastUpgradeCheck = 1160;
				ORGANIZATIONNAME = Teko;
				TargetAttributes = {
					1A423E91257F643C00768E16 = {
						CreatedOnToolsVersion = 11.6;
					};
				};
			};
			buildConfigurationList = 1A423E8D257F643C00768E16 /* Build configuration list for PBXProject "DemoSuperApp" */;
			compatibilityVersion = "Xcode 9.3";
			developmentRegion = en;
			hasScannedForEncodings = 0;
			knownRegions = (
				en,
				Base,
			);
			mainGroup = 1A423E89257F643C00768E16;
			productRefGroup = 1A423E93257F643C00768E16 /* Products */;
			projectDirPath = "";
			projectRoot = "";
			targets = (
				1A423E91257F643C00768E16 /* DemoSuperApp */,
			);
		};
/* End PBXProject section */

/* Begin PBXResourcesBuildPhase section */
		1A423E90257F643C00768E16 /* Resources */ = {
			isa = PBXResourcesBuildPhase;
			buildActionMask = 2147483647;
			files = (
				1A3421DF25934558002CD6C8 /* GoogleService-Info.plist in Resources */,
				1A423EB7257F6EAE00768E16 /* TerraService-Info.plist in Resources */,
				1A423EA2257F643E00768E16 /* LaunchScreen.storyboard in Resources */,
				1A423E9F257F643E00768E16 /* Assets.xcassets in Resources */,
				1A423E9D257F643C00768E16 /* Main.storyboard in Resources */,
				1A423EAE257F6D6B00768E16 /* SplashViewController.xib in Resources */,
			);
			runOnlyForDeploymentPostprocessing = 0;
		};
/* End PBXResourcesBuildPhase section */

/* Begin PBXShellScriptBuildPhase section */
		21C11981C003F3513EA78B80 /* [CP] Copy Pods Resources */ = {
			isa = PBXShellScriptBuildPhase;
			buildActionMask = 2147483647;
			files = (
			);
			inputFileListPaths = (
				"${PODS_ROOT}/Target Support Files/Pods-DemoSuperApp/Pods-DemoSuperApp-resources-${CONFIGURATION}-input-files.xcfilelist",
			);
			name = "[CP] Copy Pods Resources";
			outputFileListPaths = (
				"${PODS_ROOT}/Target Support Files/Pods-DemoSuperApp/Pods-DemoSuperApp-resources-${CONFIGURATION}-output-files.xcfilelist",
			);
			runOnlyForDeploymentPostprocessing = 0;
			shellPath = /bin/sh;
			shellScript = "\"${PODS_ROOT}/Target Support Files/Pods-DemoSuperApp/Pods-DemoSuperApp-resources.sh\"\n";
			showEnvVarsInLog = 0;
		};
		372F19BCC9BBD12BEBABDD2B /* [CP] Check Pods Manifest.lock */ = {
			isa = PBXShellScriptBuildPhase;
			buildActionMask = 2147483647;
			files = (
			);
			inputFileListPaths = (
			);
			inputPaths = (
				"${PODS_PODFILE_DIR_PATH}/Podfile.lock",
				"${PODS_ROOT}/Manifest.lock",
			);
			name = "[CP] Check Pods Manifest.lock";
			outputFileListPaths = (
			);
			outputPaths = (
				"$(DERIVED_FILE_DIR)/Pods-DemoSuperApp-checkManifestLockResult.txt",
			);
			runOnlyForDeploymentPostprocessing = 0;
			shellPath = /bin/sh;
			shellScript = "diff \"${PODS_PODFILE_DIR_PATH}/Podfile.lock\" \"${PODS_ROOT}/Manifest.lock\" > /dev/null\nif [ $? != 0 ] ; then\n    # print error to STDERR\n    echo \"error: The sandbox is not in sync with the Podfile.lock. Run 'pod install' or update your CocoaPods installation.\" >&2\n    exit 1\nfi\n# This output is used by Xcode 'outputs' to avoid re-running this script phase.\necho \"SUCCESS\" > \"${SCRIPT_OUTPUT_FILE_0}\"\n";
			showEnvVarsInLog = 0;
		};
		B4A6508BFDBD180D2278A962 /* [CP] Embed Pods Frameworks */ = {
			isa = PBXShellScriptBuildPhase;
			buildActionMask = 2147483647;
			files = (
			);
			inputFileListPaths = (
				"${PODS_ROOT}/Target Support Files/Pods-DemoSuperApp/Pods-DemoSuperApp-frameworks-${CONFIGURATION}-input-files.xcfilelist",
			);
			name = "[CP] Embed Pods Frameworks";
			outputFileListPaths = (
				"${PODS_ROOT}/Target Support Files/Pods-DemoSuperApp/Pods-DemoSuperApp-frameworks-${CONFIGURATION}-output-files.xcfilelist",
			);
			runOnlyForDeploymentPostprocessing = 0;
			shellPath = /bin/sh;
			shellScript = "\"${PODS_ROOT}/Target Support Files/Pods-DemoSuperApp/Pods-DemoSuperApp-frameworks.sh\"\n";
			showEnvVarsInLog = 0;
		};
/* End PBXShellScriptBuildPhase section */

/* Begin PBXSourcesBuildPhase section */
		1A423E8E257F643C00768E16 /* Sources */ = {
			isa = PBXSourcesBuildPhase;
			buildActionMask = 2147483647;
			files = (
				1A423EAD257F6D6B00768E16 /* SplashViewController.swift in Sources */,
				1A423E9A257F643C00768E16 /* ViewController.swift in Sources */,
				1A423EE72581DA7200768E16 /* SuperAppTrackingBridge.swift in Sources */,
				1A423E96257F643C00768E16 /* AppDelegate.swift in Sources */,
				1A423EBE257F760500768E16 /* iCheck.swift in Sources */,
				1A423EBB257F723900768E16 /* UIViewController+alert.swift in Sources */,
			);
			runOnlyForDeploymentPostprocessing = 0;
		};
/* End PBXSourcesBuildPhase section */

/* Begin PBXVariantGroup section */
		1A423E9B257F643C00768E16 /* Main.storyboard */ = {
			isa = PBXVariantGroup;
			children = (
				1A423E9C257F643C00768E16 /* Base */,
			);
			name = Main.storyboard;
			sourceTree = "<group>";
		};
		1A423EA0257F643E00768E16 /* LaunchScreen.storyboard */ = {
			isa = PBXVariantGroup;
			children = (
				1A423EA1257F643E00768E16 /* Base */,
			);
			name = LaunchScreen.storyboard;
			sourceTree = "<group>";
		};
/* End PBXVariantGroup section */

/* Begin XCBuildConfiguration section */
		1A423EA4257F643E00768E16 /* Debug */ = {
			isa = XCBuildConfiguration;
			buildSettings = {
				ALWAYS_SEARCH_USER_PATHS = NO;
				CLANG_ANALYZER_NONNULL = YES;
				CLANG_ANALYZER_NUMBER_OBJECT_CONVERSION = YES_AGGRESSIVE;
				CLANG_CXX_LANGUAGE_STANDARD = "gnu++14";
				CLANG_CXX_LIBRARY = "libc++";
				CLANG_ENABLE_MODULES = YES;
				CLANG_ENABLE_OBJC_ARC = YES;
				CLANG_ENABLE_OBJC_WEAK = YES;
				CLANG_WARN_BLOCK_CAPTURE_AUTORELEASING = YES;
				CLANG_WARN_BOOL_CONVERSION = YES;
				CLANG_WARN_COMMA = YES;
				CLANG_WARN_CONSTANT_CONVERSION = YES;
				CLANG_WARN_DEPRECATED_OBJC_IMPLEMENTATIONS = YES;
				CLANG_WARN_DIRECT_OBJC_ISA_USAGE = YES_ERROR;
				CLANG_WARN_DOCUMENTATION_COMMENTS = YES;
				CLANG_WARN_EMPTY_BODY = YES;
				CLANG_WARN_ENUM_CONVERSION = YES;
				CLANG_WARN_INFINITE_RECURSION = YES;
				CLANG_WARN_INT_CONVERSION = YES;
				CLANG_WARN_NON_LITERAL_NULL_CONVERSION = YES;
				CLANG_WARN_OBJC_IMPLICIT_RETAIN_SELF = YES;
				CLANG_WARN_OBJC_LITERAL_CONVERSION = YES;
				CLANG_WARN_OBJC_ROOT_CLASS = YES_ERROR;
				CLANG_WARN_RANGE_LOOP_ANALYSIS = YES;
				CLANG_WARN_STRICT_PROTOTYPES = YES;
				CLANG_WARN_SUSPICIOUS_MOVE = YES;
				CLANG_WARN_UNGUARDED_AVAILABILITY = YES_AGGRESSIVE;
				CLANG_WARN_UNREACHABLE_CODE = YES;
				CLANG_WARN__DUPLICATE_METHOD_MATCH = YES;
				COPY_PHASE_STRIP = NO;
				DEBUG_INFORMATION_FORMAT = dwarf;
				ENABLE_STRICT_OBJC_MSGSEND = YES;
				ENABLE_TESTABILITY = YES;
				GCC_C_LANGUAGE_STANDARD = gnu11;
				GCC_DYNAMIC_NO_PIC = NO;
				GCC_NO_COMMON_BLOCKS = YES;
				GCC_OPTIMIZATION_LEVEL = 0;
				GCC_PREPROCESSOR_DEFINITIONS = (
					"DEBUG=1",
					"$(inherited)",
				);
				GCC_WARN_64_TO_32_BIT_CONVERSION = YES;
				GCC_WARN_ABOUT_RETURN_TYPE = YES_ERROR;
				GCC_WARN_UNDECLARED_SELECTOR = YES;
				GCC_WARN_UNINITIALIZED_AUTOS = YES_AGGRESSIVE;
				GCC_WARN_UNUSED_FUNCTION = YES;
				GCC_WARN_UNUSED_VARIABLE = YES;
				IPHONEOS_DEPLOYMENT_TARGET = 13.6;
				MTL_ENABLE_DEBUG_INFO = INCLUDE_SOURCE;
				MTL_FAST_MATH = YES;
				ONLY_ACTIVE_ARCH = YES;
				SDKROOT = iphoneos;
				SWIFT_ACTIVE_COMPILATION_CONDITIONS = DEBUG;
				SWIFT_OPTIMIZATION_LEVEL = "-Onone";
			};
			name = Debug;
		};
		1A423EA5257F643E00768E16 /* Release */ = {
			isa = XCBuildConfiguration;
			buildSettings = {
				ALWAYS_SEARCH_USER_PATHS = NO;
				CLANG_ANALYZER_NONNULL = YES;
				CLANG_ANALYZER_NUMBER_OBJECT_CONVERSION = YES_AGGRESSIVE;
				CLANG_CXX_LANGUAGE_STANDARD = "gnu++14";
				CLANG_CXX_LIBRARY = "libc++";
				CLANG_ENABLE_MODULES = YES;
				CLANG_ENABLE_OBJC_ARC = YES;
				CLANG_ENABLE_OBJC_WEAK = YES;
				CLANG_WARN_BLOCK_CAPTURE_AUTORELEASING = YES;
				CLANG_WARN_BOOL_CONVERSION = YES;
				CLANG_WARN_COMMA = YES;
				CLANG_WARN_CONSTANT_CONVERSION = YES;
				CLANG_WARN_DEPRECATED_OBJC_IMPLEMENTATIONS = YES;
				CLANG_WARN_DIRECT_OBJC_ISA_USAGE = YES_ERROR;
				CLANG_WARN_DOCUMENTATION_COMMENTS = YES;
				CLANG_WARN_EMPTY_BODY = YES;
				CLANG_WARN_ENUM_CONVERSION = YES;
				CLANG_WARN_INFINITE_RECURSION = YES;
				CLANG_WARN_INT_CONVERSION = YES;
				CLANG_WARN_NON_LITERAL_NULL_CONVERSION = YES;
				CLANG_WARN_OBJC_IMPLICIT_RETAIN_SELF = YES;
				CLANG_WARN_OBJC_LITERAL_CONVERSION = YES;
				CLANG_WARN_OBJC_ROOT_CLASS = YES_ERROR;
				CLANG_WARN_RANGE_LOOP_ANALYSIS = YES;
				CLANG_WARN_STRICT_PROTOTYPES = YES;
				CLANG_WARN_SUSPICIOUS_MOVE = YES;
				CLANG_WARN_UNGUARDED_AVAILABILITY = YES_AGGRESSIVE;
				CLANG_WARN_UNREACHABLE_CODE = YES;
				CLANG_WARN__DUPLICATE_METHOD_MATCH = YES;
				COPY_PHASE_STRIP = NO;
				DEBUG_INFORMATION_FORMAT = "dwarf-with-dsym";
				ENABLE_NS_ASSERTIONS = NO;
				ENABLE_STRICT_OBJC_MSGSEND = YES;
				GCC_C_LANGUAGE_STANDARD = gnu11;
				GCC_NO_COMMON_BLOCKS = YES;
				GCC_WARN_64_TO_32_BIT_CONVERSION = YES;
				GCC_WARN_ABOUT_RETURN_TYPE = YES_ERROR;
				GCC_WARN_UNDECLARED_SELECTOR = YES;
				GCC_WARN_UNINITIALIZED_AUTOS = YES_AGGRESSIVE;
				GCC_WARN_UNUSED_FUNCTION = YES;
				GCC_WARN_UNUSED_VARIABLE = YES;
				IPHONEOS_DEPLOYMENT_TARGET = 13.6;
				MTL_ENABLE_DEBUG_INFO = NO;
				MTL_FAST_MATH = YES;
				SDKROOT = iphoneos;
				SWIFT_COMPILATION_MODE = wholemodule;
				SWIFT_OPTIMIZATION_LEVEL = "-O";
				VALIDATE_PRODUCT = YES;
			};
			name = Release;
		};
		1A423EA7257F643E00768E16 /* Debug */ = {
			isa = XCBuildConfiguration;
			baseConfigurationReference = D60ADE969C014BD24F2DB315 /* Pods-DemoSuperApp.debug.xcconfig */;
			buildSettings = {
				ASSETCATALOG_COMPILER_APPICON_NAME = AppIcon;
				CODE_SIGN_STYLE = Manual;
				DEVELOPMENT_TEAM = "";
				"EXCLUDED_ARCHS[sdk=iphonesimulator*]" = "";
				FRAMEWORK_SEARCH_PATHS = (
					"$(inherited)",
					"$(PROJECT_DIR)",
				);
				INFOPLIST_FILE = DemoSuperApp/Info.plist;
				IPHONEOS_DEPLOYMENT_TARGET = 10.0;
				LD_RUNPATH_SEARCH_PATHS = (
					"$(inherited)",
					"@executable_path/Frameworks",
				);
				PRODUCT_BUNDLE_IDENTIFIER = vn.teko.superapp.demo;
				PRODUCT_NAME = "Demo Super App";
				PROVISIONING_PROFILE_SPECIFIER = "";
				SWIFT_VERSION = 5.0;
				TARGETED_DEVICE_FAMILY = "1,2";
			};
			name = Debug;
		};
		1A423EA8257F643E00768E16 /* Release */ = {
			isa = XCBuildConfiguration;
			baseConfigurationReference = C6988CD47246146FDE4AA143 /* Pods-DemoSuperApp.release.xcconfig */;
			buildSettings = {
				ASSETCATALOG_COMPILER_APPICON_NAME = AppIcon;
				CODE_SIGN_STYLE = Manual;
				DEVELOPMENT_TEAM = "";
				"EXCLUDED_ARCHS[sdk=iphonesimulator*]" = "";
				FRAMEWORK_SEARCH_PATHS = (
					"$(inherited)",
					"$(PROJECT_DIR)",
				);
				INFOPLIST_FILE = DemoSuperApp/Info.plist;
				IPHONEOS_DEPLOYMENT_TARGET = 10.0;
				LD_RUNPATH_SEARCH_PATHS = (
					"$(inherited)",
					"@executable_path/Frameworks",
				);
				PRODUCT_BUNDLE_IDENTIFIER = vn.teko.superapp.demo;
				PRODUCT_NAME = "Demo Super App";
				PROVISIONING_PROFILE_SPECIFIER = "";
				SWIFT_VERSION = 5.0;
				TARGETED_DEVICE_FAMILY = "1,2";
			};
			name = Release;
		};
/* End XCBuildConfiguration section */

/* Begin XCConfigurationList section */
		1A423E8D257F643C00768E16 /* Build configuration list for PBXProject "DemoSuperApp" */ = {
			isa = XCConfigurationList;
			buildConfigurations = (
				1A423EA4257F643E00768E16 /* Debug */,
				1A423EA5257F643E00768E16 /* Release */,
			);
			defaultConfigurationIsVisible = 0;
			defaultConfigurationName = Release;
		};
		1A423EA6257F643E00768E16 /* Build configuration list for PBXNativeTarget "DemoSuperApp" */ = {
			isa = XCConfigurationList;
			buildConfigurations = (
				1A423EA7257F643E00768E16 /* Debug */,
				1A423EA8257F643E00768E16 /* Release */,
			);
			defaultConfigurationIsVisible = 0;
			defaultConfigurationName = Release;
		};
/* End XCConfigurationList section */
	};
	rootObject = 1A423E8A257F643C00768E16 /* Project object */;
}
